PODS:
  - REFormattedNumberField (1.1.5)
  - RETableViewManager (1.5.14):
    - REFormattedNumberField (~> 1.1.5)
    - REValidation (~> 0.1.4)
  - REValidation (0.1.4)

DEPENDENCIES:
  - RETableViewManager (from `../`)

EXTERNAL SOURCES:
  RETableViewManager:
    :path: ../

SPEC CHECKSUMS:
  REFormattedNumberField: 86318c549b60130a6d7a05abebb142f08f671319
  RETableViewManager: b6c8e1d0cb394fb923e9192b174ad30e815c215e
  REValidation: a0033a582415848854e875dfcbe69c107de19f81

COCOAPODS: 0.35.0
