// !$*UTF8*$!
{
	archiveVersion = 1;
	classes = {
	};
	objectVersion = 46;
	objects = {

/* Begin PBXBuildFile section */
		302D2150170B25B10085654F /* ControlsViewController.m in Sources */ = {isa = PBXBuildFile; fileRef = 302D214A170B25B10085654F /* ControlsViewController.m */; };
		302D2151170B25B10085654F /* ListViewController.m in Sources */ = {isa = PBXBuildFile; fileRef = 302D214C170B25B10085654F /* ListViewController.m */; };
		302D2152170B25B10085654F /* RootViewController.m in Sources */ = {isa = PBXBuildFile; fileRef = 302D214E170B25B10085654F /* RootViewController.m */; };
		302D2155170B25D90085654F /* ListHeaderView.m in Sources */ = {isa = PBXBuildFile; fileRef = 302D2154170B25D90085654F /* ListHeaderView.m */; };
		302D2160170B27BD0085654F /* ListImageItem.m in Sources */ = {isa = PBXBuildFile; fileRef = 302D215F170B27BD0085654F /* ListImageItem.m */; };
		302D2163170B27ED0085654F /* ListImageCell.m in Sources */ = {isa = PBXBuildFile; fileRef = 302D2162170B27ED0085654F /* ListImageCell.m */; };
		30DB066A16E934AD006C9530 /* RETableViewBoolCell.m in Sources */ = {isa = PBXBuildFile; fileRef = 30DB064916E934AD006C9530 /* RETableViewBoolCell.m */; };
		30DB066B16E934AD006C9530 /* RETableViewCreditCardCell.m in Sources */ = {isa = PBXBuildFile; fileRef = 30DB064B16E934AD006C9530 /* RETableViewCreditCardCell.m */; };
		30DB066C16E934AD006C9530 /* RETableViewNumberCell.m in Sources */ = {isa = PBXBuildFile; fileRef = 30DB064D16E934AD006C9530 /* RETableViewNumberCell.m */; };
		30DB066D16E934AD006C9530 /* RETableViewStringCell.m in Sources */ = {isa = PBXBuildFile; fileRef = 30DB064F16E934AD006C9530 /* RETableViewStringCell.m */; };
		30DB066E16E934AD006C9530 /* RETableViewTextCell.m in Sources */ = {isa = PBXBuildFile; fileRef = 30DB065116E934AD006C9530 /* RETableViewTextCell.m */; };
		30DB066F16E934AD006C9530 /* REBoolItem.m in Sources */ = {isa = PBXBuildFile; fileRef = 30DB065416E934AD006C9530 /* REBoolItem.m */; };
		30DB067016E934AD006C9530 /* RECreditCardItem.m in Sources */ = {isa = PBXBuildFile; fileRef = 30DB065616E934AD006C9530 /* RECreditCardItem.m */; };
		30DB067116E934AD006C9530 /* RENumberItem.m in Sources */ = {isa = PBXBuildFile; fileRef = 30DB065816E934AD006C9530 /* RENumberItem.m */; };
		30DB067216E934AD006C9530 /* REStringItem.m in Sources */ = {isa = PBXBuildFile; fileRef = 30DB065A16E934AD006C9530 /* REStringItem.m */; };
		30DB067316E934AD006C9530 /* RETextItem.m in Sources */ = {isa = PBXBuildFile; fileRef = 30DB065C16E934AD006C9530 /* RETextItem.m */; };
		30DB067416E934AD006C9530 /* REActionBar.m in Sources */ = {isa = PBXBuildFile; fileRef = 30DB065E16E934AD006C9530 /* REActionBar.m */; };
		30DB067516E934AD006C9530 /* RETableViewCell.m in Sources */ = {isa = PBXBuildFile; fileRef = 30DB066016E934AD006C9530 /* RETableViewCell.m */; };
		30DB067616E934AD006C9530 /* RETableViewCellStyle.m in Sources */ = {isa = PBXBuildFile; fileRef = 30DB066216E934AD006C9530 /* RETableViewCellStyle.m */; };
		30DB067716E934AD006C9530 /* RETableViewItem.m in Sources */ = {isa = PBXBuildFile; fileRef = 30DB066416E934AD006C9530 /* RETableViewItem.m */; };
		30DB067816E934AD006C9530 /* RETableViewManager.bundle in Resources */ = {isa = PBXBuildFile; fileRef = 30DB066516E934AD006C9530 /* RETableViewManager.bundle */; };
		30DB067916E934AD006C9530 /* RETableViewManager.m in Sources */ = {isa = PBXBuildFile; fileRef = 30DB066716E934AD006C9530 /* RETableViewManager.m */; };
		30DB067A16E934AD006C9530 /* RETableViewSection.m in Sources */ = {isa = PBXBuildFile; fileRef = 30DB066916E934AD006C9530 /* RETableViewSection.m */; };
		30DB067E16E934C5006C9530 /* REFormattedNumberField.m in Sources */ = {isa = PBXBuildFile; fileRef = 30DB067D16E934C5006C9530 /* REFormattedNumberField.m */; };
		30EF93B316E039B800B84981 /* UIKit.framework in Frameworks */ = {isa = PBXBuildFile; fileRef = 30EF93B216E039B800B84981 /* UIKit.framework */; };
		30EF93B516E039B800B84981 /* Foundation.framework in Frameworks */ = {isa = PBXBuildFile; fileRef = 30EF93B416E039B800B84981 /* Foundation.framework */; };
		30EF93B716E039B800B84981 /* CoreGraphics.framework in Frameworks */ = {isa = PBXBuildFile; fileRef = 30EF93B616E039B800B84981 /* CoreGraphics.framework */; };
		30EF93BD16E039B800B84981 /* InfoPlist.strings in Resources */ = {isa = PBXBuildFile; fileRef = 30EF93BB16E039B800B84981 /* InfoPlist.strings */; };
		30EF93BF16E039B800B84981 /* main.m in Sources */ = {isa = PBXBuildFile; fileRef = 30EF93BE16E039B800B84981 /* main.m */; };
		30EF93C316E039B800B84981 /* AppDelegate.m in Sources */ = {isa = PBXBuildFile; fileRef = 30EF93C216E039B800B84981 /* AppDelegate.m */; };
		30EF93C516E039B800B84981 /* Default.png in Resources */ = {isa = PBXBuildFile; fileRef = 30EF93C416E039B800B84981 /* Default.png */; };
		30EF93C716E039B800B84981 /* Default@2x.png in Resources */ = {isa = PBXBuildFile; fileRef = 30EF93C616E039B800B84981 /* Default@2x.png */; };
		30EF93C916E039B800B84981 /* Default-568h@2x.png in Resources */ = {isa = PBXBuildFile; fileRef = 30EF93C816E039B800B84981 /* Default-568h@2x.png */; };
		E336F792A48A4E779EEA5AC0 /* libPods.a in Frameworks */ = {isa = PBXBuildFile; fileRef = ABAE09A51FA5498F94EE3798 /* libPods.a */; };
/* End PBXBuildFile section */

/* Begin PBXFileReference section */
		302D2149170B25B10085654F /* ControlsViewController.h */ = {isa = PBXFileReference; fileEncoding = 4; lastKnownFileType = sourcecode.c.h; path = ControlsViewController.h; sourceTree = "<group>"; };
		302D214A170B25B10085654F /* ControlsViewController.m */ = {isa = PBXFileReference; fileEncoding = 4; lastKnownFileType = sourcecode.c.objc; path = ControlsViewController.m; sourceTree = "<group>"; };
		302D214B170B25B10085654F /* ListViewController.h */ = {isa = PBXFileReference; fileEncoding = 4; lastKnownFileType = sourcecode.c.h; path = ListViewController.h; sourceTree = "<group>"; };
		302D214C170B25B10085654F /* ListViewController.m */ = {isa = PBXFileReference; fileEncoding = 4; lastKnownFileType = sourcecode.c.objc; path = ListViewController.m; sourceTree = "<group>"; };
		302D214D170B25B10085654F /* RootViewController.h */ = {isa = PBXFileReference; fileEncoding = 4; lastKnownFileType = sourcecode.c.h; path = RootViewController.h; sourceTree = "<group>"; };
		302D214E170B25B10085654F /* RootViewController.m */ = {isa = PBXFileReference; fileEncoding = 4; lastKnownFileType = sourcecode.c.objc; path = RootViewController.m; sourceTree = "<group>"; };
		302D2153170B25D90085654F /* ListHeaderView.h */ = {isa = PBXFileReference; fileEncoding = 4; lastKnownFileType = sourcecode.c.h; path = ListHeaderView.h; sourceTree = "<group>"; };
		302D2154170B25D90085654F /* ListHeaderView.m */ = {isa = PBXFileReference; fileEncoding = 4; lastKnownFileType = sourcecode.c.objc; path = ListHeaderView.m; sourceTree = "<group>"; };
		302D215E170B27BD0085654F /* ListImageItem.h */ = {isa = PBXFileReference; fileEncoding = 4; lastKnownFileType = sourcecode.c.h; path = ListImageItem.h; sourceTree = "<group>"; };
		302D215F170B27BD0085654F /* ListImageItem.m */ = {isa = PBXFileReference; fileEncoding = 4; lastKnownFileType = sourcecode.c.objc; path = ListImageItem.m; sourceTree = "<group>"; };
		302D2161170B27ED0085654F /* ListImageCell.h */ = {isa = PBXFileReference; fileEncoding = 4; lastKnownFileType = sourcecode.c.h; path = ListImageCell.h; sourceTree = "<group>"; };
		302D2162170B27ED0085654F /* ListImageCell.m */ = {isa = PBXFileReference; fileEncoding = 4; lastKnownFileType = sourcecode.c.objc; path = ListImageCell.m; sourceTree = "<group>"; };
		30DB064816E934AD006C9530 /* RETableViewBoolCell.h */ = {isa = PBXFileReference; fileEncoding = 4; lastKnownFileType = sourcecode.c.h; path = RETableViewBoolCell.h; sourceTree = "<group>"; };
		30DB064916E934AD006C9530 /* RETableViewBoolCell.m */ = {isa = PBXFileReference; fileEncoding = 4; lastKnownFileType = sourcecode.c.objc; path = RETableViewBoolCell.m; sourceTree = "<group>"; };
		30DB064A16E934AD006C9530 /* RETableViewCreditCardCell.h */ = {isa = PBXFileReference; fileEncoding = 4; lastKnownFileType = sourcecode.c.h; path = RETableViewCreditCardCell.h; sourceTree = "<group>"; };
		30DB064B16E934AD006C9530 /* RETableViewCreditCardCell.m */ = {isa = PBXFileReference; fileEncoding = 4; lastKnownFileType = sourcecode.c.objc; path = RETableViewCreditCardCell.m; sourceTree = "<group>"; };
		30DB064C16E934AD006C9530 /* RETableViewNumberCell.h */ = {isa = PBXFileReference; fileEncoding = 4; lastKnownFileType = sourcecode.c.h; path = RETableViewNumberCell.h; sourceTree = "<group>"; };
		30DB064D16E934AD006C9530 /* RETableViewNumberCell.m */ = {isa = PBXFileReference; fileEncoding = 4; lastKnownFileType = sourcecode.c.objc; path = RETableViewNumberCell.m; sourceTree = "<group>"; };
		30DB064E16E934AD006C9530 /* RETableViewStringCell.h */ = {isa = PBXFileReference; fileEncoding = 4; lastKnownFileType = sourcecode.c.h; path = RETableViewStringCell.h; sourceTree = "<group>"; };
		30DB064F16E934AD006C9530 /* RETableViewStringCell.m */ = {isa = PBXFileReference; fileEncoding = 4; lastKnownFileType = sourcecode.c.objc; path = RETableViewStringCell.m; sourceTree = "<group>"; };
		30DB065016E934AD006C9530 /* RETableViewTextCell.h */ = {isa = PBXFileReference; fileEncoding = 4; lastKnownFileType = sourcecode.c.h; path = RETableViewTextCell.h; sourceTree = "<group>"; };
		30DB065116E934AD006C9530 /* RETableViewTextCell.m */ = {isa = PBXFileReference; fileEncoding = 4; lastKnownFileType = sourcecode.c.objc; path = RETableViewTextCell.m; sourceTree = "<group>"; };
		30DB065316E934AD006C9530 /* REBoolItem.h */ = {isa = PBXFileReference; fileEncoding = 4; lastKnownFileType = sourcecode.c.h; path = REBoolItem.h; sourceTree = "<group>"; };
		30DB065416E934AD006C9530 /* REBoolItem.m */ = {isa = PBXFileReference; fileEncoding = 4; lastKnownFileType = sourcecode.c.objc; path = REBoolItem.m; sourceTree = "<group>"; };
		30DB065516E934AD006C9530 /* RECreditCardItem.h */ = {isa = PBXFileReference; fileEncoding = 4; lastKnownFileType = sourcecode.c.h; path = RECreditCardItem.h; sourceTree = "<group>"; };
		30DB065616E934AD006C9530 /* RECreditCardItem.m */ = {isa = PBXFileReference; fileEncoding = 4; lastKnownFileType = sourcecode.c.objc; path = RECreditCardItem.m; sourceTree = "<group>"; };
		30DB065716E934AD006C9530 /* RENumberItem.h */ = {isa = PBXFileReference; fileEncoding = 4; lastKnownFileType = sourcecode.c.h; path = RENumberItem.h; sourceTree = "<group>"; };
		30DB065816E934AD006C9530 /* RENumberItem.m */ = {isa = PBXFileReference; fileEncoding = 4; lastKnownFileType = sourcecode.c.objc; path = RENumberItem.m; sourceTree = "<group>"; };
		30DB065916E934AD006C9530 /* REStringItem.h */ = {isa = PBXFileReference; fileEncoding = 4; lastKnownFileType = sourcecode.c.h; path = REStringItem.h; sourceTree = "<group>"; };
		30DB065A16E934AD006C9530 /* REStringItem.m */ = {isa = PBXFileReference; fileEncoding = 4; lastKnownFileType = sourcecode.c.objc; path = REStringItem.m; sourceTree = "<group>"; };
		30DB065B16E934AD006C9530 /* RETextItem.h */ = {isa = PBXFileReference; fileEncoding = 4; lastKnownFileType = sourcecode.c.h; path = RETextItem.h; sourceTree = "<group>"; };
		30DB065C16E934AD006C9530 /* RETextItem.m */ = {isa = PBXFileReference; fileEncoding = 4; lastKnownFileType = sourcecode.c.objc; path = RETextItem.m; sourceTree = "<group>"; };
		30DB065D16E934AD006C9530 /* REActionBar.h */ = {isa = PBXFileReference; fileEncoding = 4; lastKnownFileType = sourcecode.c.h; path = REActionBar.h; sourceTree = "<group>"; };
		30DB065E16E934AD006C9530 /* REActionBar.m */ = {isa = PBXFileReference; fileEncoding = 4; lastKnownFileType = sourcecode.c.objc; path = REActionBar.m; sourceTree = "<group>"; };
		30DB065F16E934AD006C9530 /* RETableViewCell.h */ = {isa = PBXFileReference; fileEncoding = 4; lastKnownFileType = sourcecode.c.h; path = RETableViewCell.h; sourceTree = "<group>"; };
		30DB066016E934AD006C9530 /* RETableViewCell.m */ = {isa = PBXFileReference; fileEncoding = 4; lastKnownFileType = sourcecode.c.objc; path = RETableViewCell.m; sourceTree = "<group>"; };
		30DB066116E934AD006C9530 /* RETableViewCellStyle.h */ = {isa = PBXFileReference; fileEncoding = 4; lastKnownFileType = sourcecode.c.h; path = RETableViewCellStyle.h; sourceTree = "<group>"; };
		30DB066216E934AD006C9530 /* RETableViewCellStyle.m */ = {isa = PBXFileReference; fileEncoding = 4; lastKnownFileType = sourcecode.c.objc; path = RETableViewCellStyle.m; sourceTree = "<group>"; };
		30DB066316E934AD006C9530 /* RETableViewItem.h */ = {isa = PBXFileReference; fileEncoding = 4; lastKnownFileType = sourcecode.c.h; path = RETableViewItem.h; sourceTree = "<group>"; };
		30DB066416E934AD006C9530 /* RETableViewItem.m */ = {isa = PBXFileReference; fileEncoding = 4; lastKnownFileType = sourcecode.c.objc; path = RETableViewItem.m; sourceTree = "<group>"; };
		30DB066516E934AD006C9530 /* RETableViewManager.bundle */ = {isa = PBXFileReference; lastKnownFileType = "wrapper.plug-in"; path = RETableViewManager.bundle; sourceTree = "<group>"; };
		30DB066616E934AD006C9530 /* RETableViewManager.h */ = {isa = PBXFileReference; fileEncoding = 4; lastKnownFileType = sourcecode.c.h; path = RETableViewManager.h; sourceTree = "<group>"; };
		30DB066716E934AD006C9530 /* RETableViewManager.m */ = {isa = PBXFileReference; fileEncoding = 4; lastKnownFileType = sourcecode.c.objc; path = RETableViewManager.m; sourceTree = "<group>"; };
		30DB066816E934AD006C9530 /* RETableViewSection.h */ = {isa = PBXFileReference; fileEncoding = 4; lastKnownFileType = sourcecode.c.h; path = RETableViewSection.h; sourceTree = "<group>"; };
		30DB066916E934AD006C9530 /* RETableViewSection.m */ = {isa = PBXFileReference; fileEncoding = 4; lastKnownFileType = sourcecode.c.objc; path = RETableViewSection.m; sourceTree = "<group>"; };
		30DB067C16E934C5006C9530 /* REFormattedNumberField.h */ = {isa = PBXFileReference; fileEncoding = 4; lastKnownFileType = sourcecode.c.h; path = REFormattedNumberField.h; sourceTree = "<group>"; };
		30DB067D16E934C5006C9530 /* REFormattedNumberField.m */ = {isa = PBXFileReference; fileEncoding = 4; lastKnownFileType = sourcecode.c.objc; path = REFormattedNumberField.m; sourceTree = "<group>"; };
		30EF93AF16E039B800B84981 /* RETableViewManagerExample.app */ = {isa = PBXFileReference; explicitFileType = wrapper.application; includeInIndex = 0; path = RETableViewManagerExample.app; sourceTree = BUILT_PRODUCTS_DIR; };
		30EF93B216E039B800B84981 /* UIKit.framework */ = {isa = PBXFileReference; lastKnownFileType = wrapper.framework; name = UIKit.framework; path = System/Library/Frameworks/UIKit.framework; sourceTree = SDKROOT; };
		30EF93B416E039B800B84981 /* Foundation.framework */ = {isa = PBXFileReference; lastKnownFileType = wrapper.framework; name = Foundation.framework; path = System/Library/Frameworks/Foundation.framework; sourceTree = SDKROOT; };
		30EF93B616E039B800B84981 /* CoreGraphics.framework */ = {isa = PBXFileReference; lastKnownFileType = wrapper.framework; name = CoreGraphics.framework; path = System/Library/Frameworks/CoreGraphics.framework; sourceTree = SDKROOT; };
		30EF93BA16E039B800B84981 /* RETableViewManagerExample-Info.plist */ = {isa = PBXFileReference; lastKnownFileType = text.plist.xml; path = "RETableViewManagerExample-Info.plist"; sourceTree = "<group>"; };
		30EF93BC16E039B800B84981 /* en */ = {isa = PBXFileReference; lastKnownFileType = text.plist.strings; name = en; path = en.lproj/InfoPlist.strings; sourceTree = "<group>"; };
		30EF93BE16E039B800B84981 /* main.m */ = {isa = PBXFileReference; lastKnownFileType = sourcecode.c.objc; path = main.m; sourceTree = "<group>"; };
		30EF93C016E039B800B84981 /* RETableViewManagerExample-Prefix.pch */ = {isa = PBXFileReference; lastKnownFileType = sourcecode.c.h; path = "RETableViewManagerExample-Prefix.pch"; sourceTree = "<group>"; };
		30EF93C116E039B800B84981 /* AppDelegate.h */ = {isa = PBXFileReference; lastKnownFileType = sourcecode.c.h; path = AppDelegate.h; sourceTree = "<group>"; };
		30EF93C216E039B800B84981 /* AppDelegate.m */ = {isa = PBXFileReference; lastKnownFileType = sourcecode.c.objc; path = AppDelegate.m; sourceTree = "<group>"; };
		30EF93C416E039B800B84981 /* Default.png */ = {isa = PBXFileReference; lastKnownFileType = image.png; path = Default.png; sourceTree = "<group>"; };
		30EF93C616E039B800B84981 /* Default@2x.png */ = {isa = PBXFileReference; lastKnownFileType = image.png; path = "Default@2x.png"; sourceTree = "<group>"; };
		30EF93C816E039B800B84981 /* Default-568h@2x.png */ = {isa = PBXFileReference; lastKnownFileType = image.png; path = "Default-568h@2x.png"; sourceTree = "<group>"; };
		A20B0252928045F5B81B21AF /* Pods.xcconfig */ = {isa = PBXFileReference; includeInIndex = 1; lastKnownFileType = text.xcconfig; name = Pods.xcconfig; path = Pods/Pods.xcconfig; sourceTree = SOURCE_ROOT; };
		ABAE09A51FA5498F94EE3798 /* libPods.a */ = {isa = PBXFileReference; explicitFileType = archive.ar; includeInIndex = 0; path = libPods.a; sourceTree = BUILT_PRODUCTS_DIR; };
/* End PBXFileReference section */

/* Begin PBXFrameworksBuildPhase section */
		30EF93AC16E039B800B84981 /* Frameworks */ = {
			isa = PBXFrameworksBuildPhase;
			buildActionMask = 2147483647;
			files = (
				30EF93B316E039B800B84981 /* UIKit.framework in Frameworks */,
				30EF93B516E039B800B84981 /* Foundation.framework in Frameworks */,
				30EF93B716E039B800B84981 /* CoreGraphics.framework in Frameworks */,
				E336F792A48A4E779EEA5AC0 /* libPods.a in Frameworks */,
			);
			runOnlyForDeploymentPostprocessing = 0;
		};
/* End PBXFrameworksBuildPhase section */

/* Begin PBXGroup section */
		302D2147170B25B10085654F /* Classes */ = {
			isa = PBXGroup;
			children = (
				302D2148170B25B10085654F /* Controllers */,
				302D215D170B27BD0085654F /* Models */,
				302D214F170B25B10085654F /* Views */,
			);
			path = Classes;
			sourceTree = "<group>";
		};
		302D2148170B25B10085654F /* Controllers */ = {
			isa = PBXGroup;
			children = (
				302D2149170B25B10085654F /* ControlsViewController.h */,
				302D214A170B25B10085654F /* ControlsViewController.m */,
				302D214B170B25B10085654F /* ListViewController.h */,
				302D214C170B25B10085654F /* ListViewController.m */,
				302D214D170B25B10085654F /* RootViewController.h */,
				302D214E170B25B10085654F /* RootViewController.m */,
			);
			path = Controllers;
			sourceTree = "<group>";
		};
		302D214F170B25B10085654F /* Views */ = {
			isa = PBXGroup;
			children = (
				302D2153170B25D90085654F /* ListHeaderView.h */,
				302D2154170B25D90085654F /* ListHeaderView.m */,
				302D2161170B27ED0085654F /* ListImageCell.h */,
				302D2162170B27ED0085654F /* ListImageCell.m */,
			);
			path = Views;
			sourceTree = "<group>";
		};
		302D215D170B27BD0085654F /* Models */ = {
			isa = PBXGroup;
			children = (
				302D215E170B27BD0085654F /* ListImageItem.h */,
				302D215F170B27BD0085654F /* ListImageItem.m */,
			);
			path = Models;
			sourceTree = "<group>";
		};
		30DB064616E934AD006C9530 /* RETableViewManager */ = {
			isa = PBXGroup;
			children = (
				30DB064716E934AD006C9530 /* Cells */,
				30DB065216E934AD006C9530 /* Items */,
				30DB065D16E934AD006C9530 /* REActionBar.h */,
				30DB065E16E934AD006C9530 /* REActionBar.m */,
				30DB065F16E934AD006C9530 /* RETableViewCell.h */,
				30DB066016E934AD006C9530 /* RETableViewCell.m */,
				30DB066116E934AD006C9530 /* RETableViewCellStyle.h */,
				30DB066216E934AD006C9530 /* RETableViewCellStyle.m */,
				30DB066316E934AD006C9530 /* RETableViewItem.h */,
				30DB066416E934AD006C9530 /* RETableViewItem.m */,
				30DB066616E934AD006C9530 /* RETableViewManager.h */,
				30DB066716E934AD006C9530 /* RETableViewManager.m */,
				30DB066816E934AD006C9530 /* RETableViewSection.h */,
				30DB066916E934AD006C9530 /* RETableViewSection.m */,
				30DB066516E934AD006C9530 /* RETableViewManager.bundle */,
			);
			name = RETableViewManager;
			path = ../RETableViewManager;
			sourceTree = "<group>";
		};
		30DB064716E934AD006C9530 /* Cells */ = {
			isa = PBXGroup;
			children = (
				30DB064816E934AD006C9530 /* RETableViewBoolCell.h */,
				30DB064916E934AD006C9530 /* RETableViewBoolCell.m */,
				30DB064A16E934AD006C9530 /* RETableViewCreditCardCell.h */,
				30DB064B16E934AD006C9530 /* RETableViewCreditCardCell.m */,
				30DB064C16E934AD006C9530 /* RETableViewNumberCell.h */,
				30DB064D16E934AD006C9530 /* RETableViewNumberCell.m */,
				30DB064E16E934AD006C9530 /* RETableViewStringCell.h */,
				30DB064F16E934AD006C9530 /* RETableViewStringCell.m */,
				30DB065016E934AD006C9530 /* RETableViewTextCell.h */,
				30DB065116E934AD006C9530 /* RETableViewTextCell.m */,
			);
			path = Cells;
			sourceTree = "<group>";
		};
		30DB065216E934AD006C9530 /* Items */ = {
			isa = PBXGroup;
			children = (
				30DB065316E934AD006C9530 /* REBoolItem.h */,
				30DB065416E934AD006C9530 /* REBoolItem.m */,
				30DB065516E934AD006C9530 /* RECreditCardItem.h */,
				30DB065616E934AD006C9530 /* RECreditCardItem.m */,
				30DB065716E934AD006C9530 /* RENumberItem.h */,
				30DB065816E934AD006C9530 /* RENumberItem.m */,
				30DB065916E934AD006C9530 /* REStringItem.h */,
				30DB065A16E934AD006C9530 /* REStringItem.m */,
				30DB065B16E934AD006C9530 /* RETextItem.h */,
				30DB065C16E934AD006C9530 /* RETextItem.m */,
			);
			path = Items;
			sourceTree = "<group>";
		};
		30DB067B16E934C5006C9530 /* REFormattedNumberField */ = {
			isa = PBXGroup;
			children = (
				30DB067C16E934C5006C9530 /* REFormattedNumberField.h */,
				30DB067D16E934C5006C9530 /* REFormattedNumberField.m */,
			);
			name = REFormattedNumberField;
			path = ../REFormattedNumberField;
			sourceTree = "<group>";
		};
		30EF93A616E039B800B84981 = {
			isa = PBXGroup;
			children = (
				30DB067B16E934C5006C9530 /* REFormattedNumberField */,
				30DB064616E934AD006C9530 /* RETableViewManager */,
				30EF93B816E039B800B84981 /* RETableViewManagerExample */,
				30EF93B116E039B800B84981 /* Frameworks */,
				30EF93B016E039B800B84981 /* Products */,
				A20B0252928045F5B81B21AF /* Pods.xcconfig */,
			);
			sourceTree = "<group>";
		};
		30EF93B016E039B800B84981 /* Products */ = {
			isa = PBXGroup;
			children = (
				30EF93AF16E039B800B84981 /* RETableViewManagerExample.app */,
			);
			name = Products;
			sourceTree = "<group>";
		};
		30EF93B116E039B800B84981 /* Frameworks */ = {
			isa = PBXGroup;
			children = (
				30EF93B216E039B800B84981 /* UIKit.framework */,
				30EF93B416E039B800B84981 /* Foundation.framework */,
				30EF93B616E039B800B84981 /* CoreGraphics.framework */,
				ABAE09A51FA5498F94EE3798 /* libPods.a */,
			);
			name = Frameworks;
			sourceTree = "<group>";
		};
		30EF93B816E039B800B84981 /* RETableViewManagerExample */ = {
			isa = PBXGroup;
			children = (
				30EF93C116E039B800B84981 /* AppDelegate.h */,
				30EF93C216E039B800B84981 /* AppDelegate.m */,
				302D2147170B25B10085654F /* Classes */,
				30EF93B916E039B800B84981 /* Supporting Files */,
			);
			path = RETableViewManagerExample;
			sourceTree = "<group>";
		};
		30EF93B916E039B800B84981 /* Supporting Files */ = {
			isa = PBXGroup;
			children = (
				30EF93BA16E039B800B84981 /* RETableViewManagerExample-Info.plist */,
				30EF93BB16E039B800B84981 /* InfoPlist.strings */,
				30EF93BE16E039B800B84981 /* main.m */,
				30EF93C016E039B800B84981 /* RETableViewManagerExample-Prefix.pch */,
				30EF93C416E039B800B84981 /* Default.png */,
				30EF93C616E039B800B84981 /* Default@2x.png */,
				30EF93C816E039B800B84981 /* Default-568h@2x.png */,
			);
			name = "Supporting Files";
			sourceTree = "<group>";
		};
/* End PBXGroup section */

/* Begin PBXNativeTarget section */
		30EF93AE16E039B800B84981 /* RETableViewManagerExample */ = {
			isa = PBXNativeTarget;
			buildConfigurationList = 30EF93CC16E039B800B84981 /* Build configuration list for PBXNativeTarget "RETableViewManagerExample" */;
			buildPhases = (
				30EF93AB16E039B800B84981 /* Sources */,
				30EF93AC16E039B800B84981 /* Frameworks */,
				30EF93AD16E039B800B84981 /* Resources */,
				A3C73B158834401688EF8E25 /* Copy Pods Resources */,
			);
			buildRules = (
			);
			dependencies = (
			);
			name = RETableViewManagerExample;
			productName = RETableViewManagerExample;
			productReference = 30EF93AF16E039B800B84981 /* RETableViewManagerExample.app */;
			productType = "com.apple.product-type.application";
		};
/* End PBXNativeTarget section */

/* Begin PBXProject section */
		30EF93A716E039B800B84981 /* Project object */ = {
			isa = PBXProject;
			attributes = {
				LastUpgradeCheck = 0460;
				ORGANIZATIONNAME = "Roman Efimov";
			};
			buildConfigurationList = 30EF93AA16E039B800B84981 /* Build configuration list for PBXProject "RETableViewManagerExample" */;
			compatibilityVersion = "Xcode 3.2";
			developmentRegion = English;
			hasScannedForEncodings = 0;
			knownRegions = (
				en,
			);
			mainGroup = 30EF93A616E039B800B84981;
			productRefGroup = 30EF93B016E039B800B84981 /* Products */;
			projectDirPath = "";
			projectRoot = "";
			targets = (
				30EF93AE16E039B800B84981 /* RETableViewManagerExample */,
			);
		};
/* End PBXProject section */

/* Begin PBXResourcesBuildPhase section */
		30EF93AD16E039B800B84981 /* Resources */ = {
			isa = PBXResourcesBuildPhase;
			buildActionMask = 2147483647;
			files = (
				30EF93BD16E039B800B84981 /* InfoPlist.strings in Resources */,
				30EF93C516E039B800B84981 /* Default.png in Resources */,
				30EF93C716E039B800B84981 /* Default@2x.png in Resources */,
				30EF93C916E039B800B84981 /* Default-568h@2x.png in Resources */,
				30DB067816E934AD006C9530 /* RETableViewManager.bundle in Resources */,
			);
			runOnlyForDeploymentPostprocessing = 0;
		};
/* End PBXResourcesBuildPhase section */

/* Begin PBXShellScriptBuildPhase section */
		A3C73B158834401688EF8E25 /* Copy Pods Resources */ = {
			isa = PBXShellScriptBuildPhase;
			buildActionMask = 2147483647;
			files = (
			);
			inputPaths = (
			);
			name = "Copy Pods Resources";
			outputPaths = (
			);
			runOnlyForDeploymentPostprocessing = 0;
			shellPath = /bin/sh;
			shellScript = "\"${SRCROOT}/Pods/Pods-resources.sh\"\n";
		};
/* End PBXShellScriptBuildPhase section */

/* Begin PBXSourcesBuildPhase section */
		30EF93AB16E039B800B84981 /* Sources */ = {
			isa = PBXSourcesBuildPhase;
			buildActionMask = 2147483647;
			files = (
				30EF93BF16E039B800B84981 /* main.m in Sources */,
				30EF93C316E039B800B84981 /* AppDelegate.m in Sources */,
				30DB066A16E934AD006C9530 /* RETableViewBoolCell.m in Sources */,
				30DB066B16E934AD006C9530 /* RETableViewCreditCardCell.m in Sources */,
				30DB066C16E934AD006C9530 /* RETableViewNumberCell.m in Sources */,
				30DB066D16E934AD006C9530 /* RETableViewStringCell.m in Sources */,
				30DB066E16E934AD006C9530 /* RETableViewTextCell.m in Sources */,
				30DB066F16E934AD006C9530 /* REBoolItem.m in Sources */,
				30DB067016E934AD006C9530 /* RECreditCardItem.m in Sources */,
				30DB067116E934AD006C9530 /* RENumberItem.m in Sources */,
				30DB067216E934AD006C9530 /* REStringItem.m in Sources */,
				30DB067316E934AD006C9530 /* RETextItem.m in Sources */,
				30DB067416E934AD006C9530 /* REActionBar.m in Sources */,
				30DB067516E934AD006C9530 /* RETableViewCell.m in Sources */,
				30DB067616E934AD006C9530 /* RETableViewCellStyle.m in Sources */,
				30DB067716E934AD006C9530 /* RETableViewItem.m in Sources */,
				30DB067916E934AD006C9530 /* RETableViewManager.m in Sources */,
				30DB067A16E934AD006C9530 /* RETableViewSection.m in Sources */,
				30DB067E16E934C5006C9530 /* REFormattedNumberField.m in Sources */,
				302D2150170B25B10085654F /* ControlsViewController.m in Sources */,
				302D2151170B25B10085654F /* ListViewController.m in Sources */,
				302D2152170B25B10085654F /* RootViewController.m in Sources */,
				302D2155170B25D90085654F /* ListHeaderView.m in Sources */,
				302D2160170B27BD0085654F /* ListImageItem.m in Sources */,
				302D2163170B27ED0085654F /* ListImageCell.m in Sources */,
			);
			runOnlyForDeploymentPostprocessing = 0;
		};
/* End PBXSourcesBuildPhase section */

/* Begin PBXVariantGroup section */
		30EF93BB16E039B800B84981 /* InfoPlist.strings */ = {
			isa = PBXVariantGroup;
			children = (
				30EF93BC16E039B800B84981 /* en */,
			);
			name = InfoPlist.strings;
			sourceTree = "<group>";
		};
/* End PBXVariantGroup section */

/* Begin XCBuildConfiguration section */
		30EF93CA16E039B800B84981 /* Debug */ = {
			isa = XCBuildConfiguration;
			buildSettings = {
				ALWAYS_SEARCH_USER_PATHS = NO;
				CLANG_CXX_LANGUAGE_STANDARD = "gnu++0x";
				CLANG_CXX_LIBRARY = "libc++";
				CLANG_ENABLE_OBJC_ARC = YES;
				CLANG_WARN_CONSTANT_CONVERSION = YES;
				CLANG_WARN_EMPTY_BODY = YES;
				CLANG_WARN_ENUM_CONVERSION = YES;
				CLANG_WARN_INT_CONVERSION = YES;
				CLANG_WARN__DUPLICATE_METHOD_MATCH = YES;
				"CODE_SIGN_IDENTITY[sdk=iphoneos*]" = "iPhone Developer";
				COPY_PHASE_STRIP = NO;
				GCC_C_LANGUAGE_STANDARD = gnu99;
				GCC_DYNAMIC_NO_PIC = NO;
				GCC_OPTIMIZATION_LEVEL = 0;
				GCC_PREPROCESSOR_DEFINITIONS = (
					"DEBUG=1",
					"$(inherited)",
				);
				GCC_SYMBOLS_PRIVATE_EXTERN = NO;
				GCC_WARN_ABOUT_RETURN_TYPE = YES;
				GCC_WARN_UNINITIALIZED_AUTOS = YES;
				GCC_WARN_UNUSED_VARIABLE = YES;
				IPHONEOS_DEPLOYMENT_TARGET = 6.1;
				ONLY_ACTIVE_ARCH = YES;
				SDKROOT = iphoneos;
			};
			name = Debug;
		};
		30EF93CB16E039B800B84981 /* Release */ = {
			isa = XCBuildConfiguration;
			buildSettings = {
				ALWAYS_SEARCH_USER_PATHS = NO;
				CLANG_CXX_LANGUAGE_STANDARD = "gnu++0x";
				CLANG_CXX_LIBRARY = "libc++";
				CLANG_ENABLE_OBJC_ARC = YES;
				CLANG_WARN_CONSTANT_CONVERSION = YES;
				CLANG_WARN_EMPTY_BODY = YES;
				CLANG_WARN_ENUM_CONVERSION = YES;
				CLANG_WARN_INT_CONVERSION = YES;
				CLANG_WARN__DUPLICATE_METHOD_MATCH = YES;
				"CODE_SIGN_IDENTITY[sdk=iphoneos*]" = "iPhone Developer";
				COPY_PHASE_STRIP = YES;
				GCC_C_LANGUAGE_STANDARD = gnu99;
				GCC_WARN_ABOUT_RETURN_TYPE = YES;
				GCC_WARN_UNINITIALIZED_AUTOS = YES;
				GCC_WARN_UNUSED_VARIABLE = YES;
				IPHONEOS_DEPLOYMENT_TARGET = 6.1;
				OTHER_CFLAGS = "-DNS_BLOCK_ASSERTIONS=1";
				SDKROOT = iphoneos;
				VALIDATE_PRODUCT = YES;
			};
			name = Release;
		};
		30EF93CD16E039B800B84981 /* Debug */ = {
			isa = XCBuildConfiguration;
			baseConfigurationReference = A20B0252928045F5B81B21AF /* Pods.xcconfig */;
			buildSettings = {
				GCC_PRECOMPILE_PREFIX_HEADER = YES;
				GCC_PREFIX_HEADER = "RETableViewManagerExample/RETableViewManagerExample-Prefix.pch";
				INFOPLIST_FILE = "RETableViewManagerExample/RETableViewManagerExample-Info.plist";
				IPHONEOS_DEPLOYMENT_TARGET = 6.1;
				PRODUCT_NAME = "$(TARGET_NAME)";
				TARGETED_DEVICE_FAMILY = "1,2";
				WRAPPER_EXTENSION = app;
			};
			name = Debug;
		};
		30EF93CE16E039B800B84981 /* Release */ = {
			isa = XCBuildConfiguration;
			baseConfigurationReference = A20B0252928045F5B81B21AF /* Pods.xcconfig */;
			buildSettings = {
				GCC_PRECOMPILE_PREFIX_HEADER = YES;
				GCC_PREFIX_HEADER = "RETableViewManagerExample/RETableViewManagerExample-Prefix.pch";
				INFOPLIST_FILE = "RETableViewManagerExample/RETableViewManagerExample-Info.plist";
				IPHONEOS_DEPLOYMENT_TARGET = 6.1;
				PRODUCT_NAME = "$(TARGET_NAME)";
				TARGETED_DEVICE_FAMILY = "1,2";
				WRAPPER_EXTENSION = app;
			};
			name = Release;
		};
/* End XCBuildConfiguration section */

/* Begin XCConfigurationList section */
		30EF93AA16E039B800B84981 /* Build configuration list for PBXProject "RETableViewManagerExample" */ = {
			isa = XCConfigurationList;
			buildConfigurations = (
				30EF93CA16E039B800B84981 /* Debug */,
				30EF93CB16E039B800B84981 /* Release */,
			);
			defaultConfigurationIsVisible = 0;
			defaultConfigurationName = Release;
		};
		30EF93CC16E039B800B84981 /* Build configuration list for PBXNativeTarget "RETableViewManagerExample" */ = {
			isa = XCConfigurationList;
			buildConfigurations = (
				30EF93CD16E039B800B84981 /* Debug */,
				30EF93CE16E039B800B84981 /* Release */,
			);
			defaultConfigurationIsVisible = 0;
			defaultConfigurationName = Release;
		};
/* End XCConfigurationList section */
	};
	rootObject = 30EF93A716E039B800B84981 /* Project object */;
}
