// !$*UTF8*$!
{
	archiveVersion = 1;
	classes = {
	};
	objectVersion = 46;
	objects = {

/* Begin PBXBuildFile section */
		30082D1A17170EDD008B0DB5 /* REPlaceholderTextView.m in Sources */ = {isa = PBXBuildFile; fileRef = 30082D1917170EDD008B0DB5 /* REPlaceholderTextView.m */; };
		3008EB1C17ECEB8B005D36D9 /* NSString+RETableViewManagerAdditions.m in Sources */ = {isa = PBXBuildFile; fileRef = 3008EB1B17ECEB8B005D36D9 /* NSString+RETableViewManagerAdditions.m */; };
		300E5A26170F486800910013 /* REFloatItem.m in Sources */ = {isa = PBXBuildFile; fileRef = 300E5A25170F486800910013 /* REFloatItem.m */; };
		300E5A29170F48EC00910013 /* RETableViewFloatCell.m in Sources */ = {isa = PBXBuildFile; fileRef = 300E5A28170F48EC00910013 /* RETableViewFloatCell.m */; };
		300E5A2C170F621400910013 /* REDateTimeItem.m in Sources */ = {isa = PBXBuildFile; fileRef = 300E5A2B170F621400910013 /* REDateTimeItem.m */; };
		300E5A2F170F63B600910013 /* RETableViewDateTimeCell.m in Sources */ = {isa = PBXBuildFile; fileRef = 300E5A2E170F63B600910013 /* RETableViewDateTimeCell.m */; };
		300E5B3F17170AE100910013 /* RELongTextItem.m in Sources */ = {isa = PBXBuildFile; fileRef = 300E5B3E17170AE100910013 /* RELongTextItem.m */; };
		300E5B4217170B0200910013 /* RETableViewLongTextCell.m in Sources */ = {isa = PBXBuildFile; fileRef = 300E5B4117170B0100910013 /* RETableViewLongTextCell.m */; };
		3014617917FF1F6F000590A7 /* RETableViewInlineDatePickerCell.m in Sources */ = {isa = PBXBuildFile; fileRef = 3014617817FF1F6F000590A7 /* RETableViewInlineDatePickerCell.m */; };
		3014617C17FF1F8B000590A7 /* REInlineDatePickerItem.m in Sources */ = {isa = PBXBuildFile; fileRef = 3014617B17FF1F8B000590A7 /* REInlineDatePickerItem.m */; };
		302D2150170B25B10085654F /* ControlsViewController.m in Sources */ = {isa = PBXBuildFile; fileRef = 302D214A170B25B10085654F /* ControlsViewController.m */; };
		302D2151170B25B10085654F /* ListViewController.m in Sources */ = {isa = PBXBuildFile; fileRef = 302D214C170B25B10085654F /* ListViewController.m */; };
		302D2152170B25B10085654F /* RootViewController.m in Sources */ = {isa = PBXBuildFile; fileRef = 302D214E170B25B10085654F /* RootViewController.m */; };
		302D2155170B25D90085654F /* ListHeaderView.m in Sources */ = {isa = PBXBuildFile; fileRef = 302D2154170B25D90085654F /* ListHeaderView.m */; };
		302D2160170B27BD0085654F /* ListImageItem.m in Sources */ = {isa = PBXBuildFile; fileRef = 302D215F170B27BD0085654F /* ListImageItem.m */; };
		302D2163170B27ED0085654F /* ListImageCell.m in Sources */ = {isa = PBXBuildFile; fileRef = 302D2162170B27ED0085654F /* ListImageCell.m */; };
		303D966B17B7CCF800A418F3 /* XIBTestCell.m in Sources */ = {isa = PBXBuildFile; fileRef = 303D966A17B7CCF800A418F3 /* XIBTestCell.m */; };
		303D966F17B7CD2F00A418F3 /* XIBTestCell.xib in Resources */ = {isa = PBXBuildFile; fileRef = 303D966E17B7CD2F00A418F3 /* XIBTestCell.xib */; };
		303D967217B7CDE300A418F3 /* XIBTestViewController.m in Sources */ = {isa = PBXBuildFile; fileRef = 303D967117B7CDE300A418F3 /* XIBTestViewController.m */; };
		3079756617B3FD4600A58A71 /* Heart@2x.png in Resources */ = {isa = PBXBuildFile; fileRef = 3079756517B3FD4600A58A71 /* Heart@2x.png */; };
		3079756817B3FDC600A58A71 /* Heart_Highlighted@2x.png in Resources */ = {isa = PBXBuildFile; fileRef = 3079756717B3FDC600A58A71 /* Heart_Highlighted@2x.png */; };
		30939CE917949A10004D95A9 /* photo1.jpg in Resources */ = {isa = PBXBuildFile; fileRef = 30939CDD17949A10004D95A9 /* photo1.jpg */; };
		30939CEA17949A10004D95A9 /* photo2.jpg in Resources */ = {isa = PBXBuildFile; fileRef = 30939CDE17949A10004D95A9 /* photo2.jpg */; };
		30939CEB17949A10004D95A9 /* photo3.jpg in Resources */ = {isa = PBXBuildFile; fileRef = 30939CDF17949A10004D95A9 /* photo3.jpg */; };
		30939CEC17949A10004D95A9 /* photo4.jpg in Resources */ = {isa = PBXBuildFile; fileRef = 30939CE017949A10004D95A9 /* photo4.jpg */; };
		30939CED17949A10004D95A9 /* photo5.jpg in Resources */ = {isa = PBXBuildFile; fileRef = 30939CE117949A10004D95A9 /* photo5.jpg */; };
		30939CEE17949A10004D95A9 /* photo6.jpg in Resources */ = {isa = PBXBuildFile; fileRef = 30939CE217949A10004D95A9 /* photo6.jpg */; };
		30939CEF17949A10004D95A9 /* userpic1.jpg in Resources */ = {isa = PBXBuildFile; fileRef = 30939CE317949A10004D95A9 /* userpic1.jpg */; };
		30939CF017949A10004D95A9 /* userpic2.jpg in Resources */ = {isa = PBXBuildFile; fileRef = 30939CE417949A10004D95A9 /* userpic2.jpg */; };
		30939CF117949A10004D95A9 /* userpic3.jpg in Resources */ = {isa = PBXBuildFile; fileRef = 30939CE517949A10004D95A9 /* userpic3.jpg */; };
		30939CF217949A10004D95A9 /* userpic4.jpg in Resources */ = {isa = PBXBuildFile; fileRef = 30939CE617949A10004D95A9 /* userpic4.jpg */; };
		30939CF317949A10004D95A9 /* userpic5.jpg in Resources */ = {isa = PBXBuildFile; fileRef = 30939CE717949A10004D95A9 /* userpic5.jpg */; };
		30939CF417949A10004D95A9 /* userpic6.jpg in Resources */ = {isa = PBXBuildFile; fileRef = 30939CE817949A10004D95A9 /* userpic6.jpg */; };
		30B00D7A17C667A90010D439 /* ValidationsViewController.m in Sources */ = {isa = PBXBuildFile; fileRef = 30B00D7917C667A90010D439 /* ValidationsViewController.m */; };
		30B35CEF17E54B670082CE0E /* RECommonFunctions.m in Sources */ = {isa = PBXBuildFile; fileRef = 30B35CEE17E54B670082CE0E /* RECommonFunctions.m */; };
		30B9914B18007035007C8913 /* RETableViewInlinePickerCell.m in Sources */ = {isa = PBXBuildFile; fileRef = 30B9914A18007035007C8913 /* RETableViewInlinePickerCell.m */; };
		30B9914E18007045007C8913 /* REInlinePickerItem.m in Sources */ = {isa = PBXBuildFile; fileRef = 30B9914D18007045007C8913 /* REInlinePickerItem.m */; };
		30BB805817E0D8A400AD0861 /* MultilineTextCell.m in Sources */ = {isa = PBXBuildFile; fileRef = 30BB805717E0D8A400AD0861 /* MultilineTextCell.m */; };
		30BB805B17E0D8C300AD0861 /* XIBTestItem.m in Sources */ = {isa = PBXBuildFile; fileRef = 30BB805A17E0D8C300AD0861 /* XIBTestItem.m */; };
		30BB805E17E0D8E700AD0861 /* MultilineTextItem.m in Sources */ = {isa = PBXBuildFile; fileRef = 30BB805D17E0D8E700AD0861 /* MultilineTextItem.m */; };
		30D1C7D617AC08F4001F731C /* First_Alt@2x.png in Resources */ = {isa = PBXBuildFile; fileRef = 30D1C7D217AC08F3001F731C /* First_Alt@2x.png */; };
		30D1C7D717AC08F4001F731C /* Last_Alt@2x.png in Resources */ = {isa = PBXBuildFile; fileRef = 30D1C7D317AC08F3001F731C /* Last_Alt@2x.png */; };
		30D1C7D817AC08F4001F731C /* Middle_Alt@2x.png in Resources */ = {isa = PBXBuildFile; fileRef = 30D1C7D417AC08F3001F731C /* Middle_Alt@2x.png */; };
		30D1C7D917AC08F4001F731C /* Single_Alt@2x.png in Resources */ = {isa = PBXBuildFile; fileRef = 30D1C7D517AC08F3001F731C /* Single_Alt@2x.png */; };
		30D208641718FFDE00144E46 /* REMultipleChoiceItem.m in Sources */ = {isa = PBXBuildFile; fileRef = 30D208631718FFDE00144E46 /* REMultipleChoiceItem.m */; };
		30D74554174EB4CA00D4C7C1 /* RETableViewOptionCell.m in Sources */ = {isa = PBXBuildFile; fileRef = 30D74553174EB4C900D4C7C1 /* RETableViewOptionCell.m */; };
		30D9566C175E3C0200AB977E /* RetractableViewController.m in Sources */ = {isa = PBXBuildFile; fileRef = 30D9566B175E3C0200AB977E /* RetractableViewController.m */; };
		30DB066A16E934AD006C9530 /* RETableViewBoolCell.m in Sources */ = {isa = PBXBuildFile; fileRef = 30DB064916E934AD006C9530 /* RETableViewBoolCell.m */; };
		30DB066B16E934AD006C9530 /* RETableViewCreditCardCell.m in Sources */ = {isa = PBXBuildFile; fileRef = 30DB064B16E934AD006C9530 /* RETableViewCreditCardCell.m */; };
		30DB066E16E934AD006C9530 /* RETableViewTextCell.m in Sources */ = {isa = PBXBuildFile; fileRef = 30DB065116E934AD006C9530 /* RETableViewTextCell.m */; };
		30DB066F16E934AD006C9530 /* REBoolItem.m in Sources */ = {isa = PBXBuildFile; fileRef = 30DB065416E934AD006C9530 /* REBoolItem.m */; };
		30DB067016E934AD006C9530 /* RECreditCardItem.m in Sources */ = {isa = PBXBuildFile; fileRef = 30DB065616E934AD006C9530 /* RECreditCardItem.m */; };
		30DB067116E934AD006C9530 /* RENumberItem.m in Sources */ = {isa = PBXBuildFile; fileRef = 30DB065816E934AD006C9530 /* RENumberItem.m */; };
		30DB067316E934AD006C9530 /* RETextItem.m in Sources */ = {isa = PBXBuildFile; fileRef = 30DB065C16E934AD006C9530 /* RETextItem.m */; };
		30DB067416E934AD006C9530 /* REActionBar.m in Sources */ = {isa = PBXBuildFile; fileRef = 30DB065E16E934AD006C9530 /* REActionBar.m */; };
		30DB067516E934AD006C9530 /* RETableViewCell.m in Sources */ = {isa = PBXBuildFile; fileRef = 30DB066016E934AD006C9530 /* RETableViewCell.m */; };
		30DB067616E934AD006C9530 /* RETableViewCellStyle.m in Sources */ = {isa = PBXBuildFile; fileRef = 30DB066216E934AD006C9530 /* RETableViewCellStyle.m */; };
		30DB067716E934AD006C9530 /* RETableViewItem.m in Sources */ = {isa = PBXBuildFile; fileRef = 30DB066416E934AD006C9530 /* RETableViewItem.m */; };
		30DB067816E934AD006C9530 /* RETableViewManager.bundle in Resources */ = {isa = PBXBuildFile; fileRef = 30DB066516E934AD006C9530 /* RETableViewManager.bundle */; };
		30DB067916E934AD006C9530 /* RETableViewManager.m in Sources */ = {isa = PBXBuildFile; fileRef = 30DB066716E934AD006C9530 /* RETableViewManager.m */; };
		30DB067A16E934AD006C9530 /* RETableViewSection.m in Sources */ = {isa = PBXBuildFile; fileRef = 30DB066916E934AD006C9530 /* RETableViewSection.m */; };
		30DBFA9117FC827D0099ACA5 /* REPickerItem.m in Sources */ = {isa = PBXBuildFile; fileRef = 30DBFA9017FC827D0099ACA5 /* REPickerItem.m */; };
		30DBFA9417FC84380099ACA5 /* RETableViewPickerCell.m in Sources */ = {isa = PBXBuildFile; fileRef = 30DBFA9317FC84380099ACA5 /* RETableViewPickerCell.m */; };
		30DBFA9717FCB71B0099ACA5 /* RESegmentedItem.m in Sources */ = {isa = PBXBuildFile; fileRef = 30DBFA9617FCB71B0099ACA5 /* RESegmentedItem.m */; };
		30DBFA9A17FCB7230099ACA5 /* RETableViewSegmentedCell.m in Sources */ = {isa = PBXBuildFile; fileRef = 30DBFA9917FCB7230099ACA5 /* RETableViewSegmentedCell.m */; };
		30E16A48171A103400F7C258 /* EditingViewController.m in Sources */ = {isa = PBXBuildFile; fileRef = 30E16A47171A103300F7C258 /* EditingViewController.m */; };
		30E5F50C17BBD163005CF1FE /* IndexedListViewController.m in Sources */ = {isa = PBXBuildFile; fileRef = 30E5F50B17BBD163005CF1FE /* IndexedListViewController.m */; };
		30EF93B316E039B800B84981 /* UIKit.framework in Frameworks */ = {isa = PBXBuildFile; fileRef = 30EF93B216E039B800B84981 /* UIKit.framework */; };
		30EF93B516E039B800B84981 /* Foundation.framework in Frameworks */ = {isa = PBXBuildFile; fileRef = 30EF93B416E039B800B84981 /* Foundation.framework */; };
		30EF93B716E039B800B84981 /* CoreGraphics.framework in Frameworks */ = {isa = PBXBuildFile; fileRef = 30EF93B616E039B800B84981 /* CoreGraphics.framework */; };
		30EF93BD16E039B800B84981 /* InfoPlist.strings in Resources */ = {isa = PBXBuildFile; fileRef = 30EF93BB16E039B800B84981 /* InfoPlist.strings */; };
		30EF93BF16E039B800B84981 /* main.m in Sources */ = {isa = PBXBuildFile; fileRef = 30EF93BE16E039B800B84981 /* main.m */; };
		30EF93C316E039B800B84981 /* AppDelegate.m in Sources */ = {isa = PBXBuildFile; fileRef = 30EF93C216E039B800B84981 /* AppDelegate.m */; };
		30EF93C516E039B800B84981 /* Default.png in Resources */ = {isa = PBXBuildFile; fileRef = 30EF93C416E039B800B84981 /* Default.png */; };
		30EF93C716E039B800B84981 /* Default@2x.png in Resources */ = {isa = PBXBuildFile; fileRef = 30EF93C616E039B800B84981 /* Default@2x.png */; };
		30EF93C916E039B800B84981 /* Default-568h@2x.png in Resources */ = {isa = PBXBuildFile; fileRef = 30EF93C816E039B800B84981 /* Default-568h@2x.png */; };
		30F41318170E07BB0004EBAE /* RETableViewOptionsController.m in Sources */ = {isa = PBXBuildFile; fileRef = 30F41317170E07BB0004EBAE /* RETableViewOptionsController.m */; };
		30F4131B170E0F620004EBAE /* RERadioItem.m in Sources */ = {isa = PBXBuildFile; fileRef = 30F4131A170E0F620004EBAE /* RERadioItem.m */; };
		30F4138E170E2E820004EBAE /* RETableViewNumberCell.m in Sources */ = {isa = PBXBuildFile; fileRef = 30F4138D170E2E820004EBAE /* RETableViewNumberCell.m */; };
		30FE4147176A306600F317B8 /* StylingViewController.m in Sources */ = {isa = PBXBuildFile; fileRef = 30FE4146176A306600F317B8 /* StylingViewController.m */; };
		30FE415B176A32C300F317B8 /* First_Selected@2x.png in Resources */ = {isa = PBXBuildFile; fileRef = 30FE4152176A32C300F317B8 /* First_Selected@2x.png */; };
		30FE415C176A32C300F317B8 /* First@2x.png in Resources */ = {isa = PBXBuildFile; fileRef = 30FE4153176A32C300F317B8 /* First@2x.png */; };
		30FE415E176A32C300F317B8 /* Last_Selected@2x.png in Resources */ = {isa = PBXBuildFile; fileRef = 30FE4155176A32C300F317B8 /* Last_Selected@2x.png */; };
		30FE415F176A32C300F317B8 /* Last@2x.png in Resources */ = {isa = PBXBuildFile; fileRef = 30FE4156176A32C300F317B8 /* Last@2x.png */; };
		30FE4160176A32C300F317B8 /* Middle_Selected@2x.png in Resources */ = {isa = PBXBuildFile; fileRef = 30FE4157176A32C300F317B8 /* Middle_Selected@2x.png */; };
		30FE4161176A32C300F317B8 /* Middle@2x.png in Resources */ = {isa = PBXBuildFile; fileRef = 30FE4158176A32C300F317B8 /* Middle@2x.png */; };
		30FE4162176A32C300F317B8 /* Single_Selected@2x.png in Resources */ = {isa = PBXBuildFile; fileRef = 30FE4159176A32C300F317B8 /* Single_Selected@2x.png */; };
		30FE4163176A32C300F317B8 /* Single@2x.png in Resources */ = {isa = PBXBuildFile; fileRef = 30FE415A176A32C300F317B8 /* Single@2x.png */; };
		50359B2119D2BF8C00559B3E /* Default-667h@2x.png in Resources */ = {isa = PBXBuildFile; fileRef = 50359B1F19D2BF8C00559B3E /* Default-667h@2x.png */; };
		50359B2219D2BF8C00559B3E /* Default-736h@3x.png in Resources */ = {isa = PBXBuildFile; fileRef = 50359B2019D2BF8C00559B3E /* Default-736h@3x.png */; };
		53378ADE88FA40FD87184931 /* libPods.a in Frameworks */ = {isa = PBXBuildFile; fileRef = 5EA85FF11E7E458B98D5825C /* libPods.a */; };
/* End PBXBuildFile section */

/* Begin PBXFileReference section */
		30082D1817170EDD008B0DB5 /* REPlaceholderTextView.h */ = {isa = PBXFileReference; fileEncoding = 4; lastKnownFileType = sourcecode.c.h; path = REPlaceholderTextView.h; sourceTree = "<group>"; };
		30082D1917170EDD008B0DB5 /* REPlaceholderTextView.m */ = {isa = PBXFileReference; fileEncoding = 4; lastKnownFileType = sourcecode.c.objc; path = REPlaceholderTextView.m; sourceTree = "<group>"; };
		3008EB1A17ECEB8B005D36D9 /* NSString+RETableViewManagerAdditions.h */ = {isa = PBXFileReference; fileEncoding = 4; lastKnownFileType = sourcecode.c.h; path = "NSString+RETableViewManagerAdditions.h"; sourceTree = "<group>"; };
		3008EB1B17ECEB8B005D36D9 /* NSString+RETableViewManagerAdditions.m */ = {isa = PBXFileReference; fileEncoding = 4; lastKnownFileType = sourcecode.c.objc; path = "NSString+RETableViewManagerAdditions.m"; sourceTree = "<group>"; };
		300E5A24170F486800910013 /* REFloatItem.h */ = {isa = PBXFileReference; fileEncoding = 4; lastKnownFileType = sourcecode.c.h; path = REFloatItem.h; sourceTree = "<group>"; };
		300E5A25170F486800910013 /* REFloatItem.m */ = {isa = PBXFileReference; fileEncoding = 4; lastKnownFileType = sourcecode.c.objc; path = REFloatItem.m; sourceTree = "<group>"; };
		300E5A27170F48EC00910013 /* RETableViewFloatCell.h */ = {isa = PBXFileReference; fileEncoding = 4; lastKnownFileType = sourcecode.c.h; path = RETableViewFloatCell.h; sourceTree = "<group>"; };
		300E5A28170F48EC00910013 /* RETableViewFloatCell.m */ = {isa = PBXFileReference; fileEncoding = 4; lastKnownFileType = sourcecode.c.objc; path = RETableViewFloatCell.m; sourceTree = "<group>"; };
		300E5A2A170F621400910013 /* REDateTimeItem.h */ = {isa = PBXFileReference; fileEncoding = 4; lastKnownFileType = sourcecode.c.h; path = REDateTimeItem.h; sourceTree = "<group>"; };
		300E5A2B170F621400910013 /* REDateTimeItem.m */ = {isa = PBXFileReference; fileEncoding = 4; lastKnownFileType = sourcecode.c.objc; path = REDateTimeItem.m; sourceTree = "<group>"; };
		300E5A2D170F63B600910013 /* RETableViewDateTimeCell.h */ = {isa = PBXFileReference; fileEncoding = 4; lastKnownFileType = sourcecode.c.h; path = RETableViewDateTimeCell.h; sourceTree = "<group>"; };
		300E5A2E170F63B600910013 /* RETableViewDateTimeCell.m */ = {isa = PBXFileReference; fileEncoding = 4; lastKnownFileType = sourcecode.c.objc; path = RETableViewDateTimeCell.m; sourceTree = "<group>"; };
		300E5B3D17170AE000910013 /* RELongTextItem.h */ = {isa = PBXFileReference; fileEncoding = 4; lastKnownFileType = sourcecode.c.h; path = RELongTextItem.h; sourceTree = "<group>"; };
		300E5B3E17170AE100910013 /* RELongTextItem.m */ = {isa = PBXFileReference; fileEncoding = 4; lastKnownFileType = sourcecode.c.objc; path = RELongTextItem.m; sourceTree = "<group>"; };
		300E5B4017170B0100910013 /* RETableViewLongTextCell.h */ = {isa = PBXFileReference; fileEncoding = 4; lastKnownFileType = sourcecode.c.h; path = RETableViewLongTextCell.h; sourceTree = "<group>"; };
		300E5B4117170B0100910013 /* RETableViewLongTextCell.m */ = {isa = PBXFileReference; fileEncoding = 4; lastKnownFileType = sourcecode.c.objc; path = RETableViewLongTextCell.m; sourceTree = "<group>"; };
		3014617717FF1F6F000590A7 /* RETableViewInlineDatePickerCell.h */ = {isa = PBXFileReference; fileEncoding = 4; lastKnownFileType = sourcecode.c.h; path = RETableViewInlineDatePickerCell.h; sourceTree = "<group>"; };
		3014617817FF1F6F000590A7 /* RETableViewInlineDatePickerCell.m */ = {isa = PBXFileReference; fileEncoding = 4; lastKnownFileType = sourcecode.c.objc; path = RETableViewInlineDatePickerCell.m; sourceTree = "<group>"; };
		3014617A17FF1F8B000590A7 /* REInlineDatePickerItem.h */ = {isa = PBXFileReference; fileEncoding = 4; lastKnownFileType = sourcecode.c.h; path = REInlineDatePickerItem.h; sourceTree = "<group>"; };
		3014617B17FF1F8B000590A7 /* REInlineDatePickerItem.m */ = {isa = PBXFileReference; fileEncoding = 4; lastKnownFileType = sourcecode.c.objc; path = REInlineDatePickerItem.m; sourceTree = "<group>"; };
		302D2149170B25B10085654F /* ControlsViewController.h */ = {isa = PBXFileReference; fileEncoding = 4; lastKnownFileType = sourcecode.c.h; path = ControlsViewController.h; sourceTree = "<group>"; };
		302D214A170B25B10085654F /* ControlsViewController.m */ = {isa = PBXFileReference; fileEncoding = 4; lastKnownFileType = sourcecode.c.objc; path = ControlsViewController.m; sourceTree = "<group>"; };
		302D214B170B25B10085654F /* ListViewController.h */ = {isa = PBXFileReference; fileEncoding = 4; lastKnownFileType = sourcecode.c.h; path = ListViewController.h; sourceTree = "<group>"; };
		302D214C170B25B10085654F /* ListViewController.m */ = {isa = PBXFileReference; fileEncoding = 4; lastKnownFileType = sourcecode.c.objc; path = ListViewController.m; sourceTree = "<group>"; };
		302D214D170B25B10085654F /* RootViewController.h */ = {isa = PBXFileReference; fileEncoding = 4; lastKnownFileType = sourcecode.c.h; path = RootViewController.h; sourceTree = "<group>"; };
		302D214E170B25B10085654F /* RootViewController.m */ = {isa = PBXFileReference; fileEncoding = 4; lastKnownFileType = sourcecode.c.objc; path = RootViewController.m; sourceTree = "<group>"; };
		302D2153170B25D90085654F /* ListHeaderView.h */ = {isa = PBXFileReference; fileEncoding = 4; lastKnownFileType = sourcecode.c.h; path = ListHeaderView.h; sourceTree = "<group>"; };
		302D2154170B25D90085654F /* ListHeaderView.m */ = {isa = PBXFileReference; fileEncoding = 4; lastKnownFileType = sourcecode.c.objc; path = ListHeaderView.m; sourceTree = "<group>"; };
		302D215E170B27BD0085654F /* ListImageItem.h */ = {isa = PBXFileReference; fileEncoding = 4; lastKnownFileType = sourcecode.c.h; path = ListImageItem.h; sourceTree = "<group>"; };
		302D215F170B27BD0085654F /* ListImageItem.m */ = {isa = PBXFileReference; fileEncoding = 4; lastKnownFileType = sourcecode.c.objc; path = ListImageItem.m; sourceTree = "<group>"; };
		302D2161170B27ED0085654F /* ListImageCell.h */ = {isa = PBXFileReference; fileEncoding = 4; lastKnownFileType = sourcecode.c.h; path = ListImageCell.h; sourceTree = "<group>"; };
		302D2162170B27ED0085654F /* ListImageCell.m */ = {isa = PBXFileReference; fileEncoding = 4; lastKnownFileType = sourcecode.c.objc; path = ListImageCell.m; sourceTree = "<group>"; };
		303D966917B7CCF800A418F3 /* XIBTestCell.h */ = {isa = PBXFileReference; fileEncoding = 4; lastKnownFileType = sourcecode.c.h; path = XIBTestCell.h; sourceTree = "<group>"; };
		303D966A17B7CCF800A418F3 /* XIBTestCell.m */ = {isa = PBXFileReference; fileEncoding = 4; lastKnownFileType = sourcecode.c.objc; path = XIBTestCell.m; sourceTree = "<group>"; };
		303D966E17B7CD2F00A418F3 /* XIBTestCell.xib */ = {isa = PBXFileReference; fileEncoding = 4; lastKnownFileType = file.xib; path = XIBTestCell.xib; sourceTree = "<group>"; };
		303D967017B7CDE300A418F3 /* XIBTestViewController.h */ = {isa = PBXFileReference; fileEncoding = 4; lastKnownFileType = sourcecode.c.h; path = XIBTestViewController.h; sourceTree = "<group>"; };
		303D967117B7CDE300A418F3 /* XIBTestViewController.m */ = {isa = PBXFileReference; fileEncoding = 4; lastKnownFileType = sourcecode.c.objc; path = XIBTestViewController.m; sourceTree = "<group>"; };
		3079756517B3FD4600A58A71 /* Heart@2x.png */ = {isa = PBXFileReference; lastKnownFileType = image.png; name = "Heart@2x.png"; path = "Resources/Heart@2x.png"; sourceTree = "<group>"; };
		3079756717B3FDC600A58A71 /* Heart_Highlighted@2x.png */ = {isa = PBXFileReference; lastKnownFileType = image.png; name = "Heart_Highlighted@2x.png"; path = "Resources/Heart_Highlighted@2x.png"; sourceTree = "<group>"; };
		30939CDD17949A10004D95A9 /* photo1.jpg */ = {isa = PBXFileReference; lastKnownFileType = image.jpeg; path = photo1.jpg; sourceTree = "<group>"; };
		30939CDE17949A10004D95A9 /* photo2.jpg */ = {isa = PBXFileReference; lastKnownFileType = image.jpeg; path = photo2.jpg; sourceTree = "<group>"; };
		30939CDF17949A10004D95A9 /* photo3.jpg */ = {isa = PBXFileReference; lastKnownFileType = image.jpeg; path = photo3.jpg; sourceTree = "<group>"; };
		30939CE017949A10004D95A9 /* photo4.jpg */ = {isa = PBXFileReference; lastKnownFileType = image.jpeg; path = photo4.jpg; sourceTree = "<group>"; };
		30939CE117949A10004D95A9 /* photo5.jpg */ = {isa = PBXFileReference; lastKnownFileType = image.jpeg; path = photo5.jpg; sourceTree = "<group>"; };
		30939CE217949A10004D95A9 /* photo6.jpg */ = {isa = PBXFileReference; lastKnownFileType = image.jpeg; path = photo6.jpg; sourceTree = "<group>"; };
		30939CE317949A10004D95A9 /* userpic1.jpg */ = {isa = PBXFileReference; lastKnownFileType = image.jpeg; path = userpic1.jpg; sourceTree = "<group>"; };
		30939CE417949A10004D95A9 /* userpic2.jpg */ = {isa = PBXFileReference; lastKnownFileType = image.jpeg; path = userpic2.jpg; sourceTree = "<group>"; };
		30939CE517949A10004D95A9 /* userpic3.jpg */ = {isa = PBXFileReference; lastKnownFileType = image.jpeg; path = userpic3.jpg; sourceTree = "<group>"; };
		30939CE617949A10004D95A9 /* userpic4.jpg */ = {isa = PBXFileReference; lastKnownFileType = image.jpeg; path = userpic4.jpg; sourceTree = "<group>"; };
		30939CE717949A10004D95A9 /* userpic5.jpg */ = {isa = PBXFileReference; lastKnownFileType = image.jpeg; path = userpic5.jpg; sourceTree = "<group>"; };
		30939CE817949A10004D95A9 /* userpic6.jpg */ = {isa = PBXFileReference; lastKnownFileType = image.jpeg; path = userpic6.jpg; sourceTree = "<group>"; };
		30B00D7817C667A90010D439 /* ValidationsViewController.h */ = {isa = PBXFileReference; fileEncoding = 4; lastKnownFileType = sourcecode.c.h; path = ValidationsViewController.h; sourceTree = "<group>"; };
		30B00D7917C667A90010D439 /* ValidationsViewController.m */ = {isa = PBXFileReference; fileEncoding = 4; lastKnownFileType = sourcecode.c.objc; path = ValidationsViewController.m; sourceTree = "<group>"; };
		30B35CED17E54AE30082CE0E /* RECommonFunctions.h */ = {isa = PBXFileReference; lastKnownFileType = sourcecode.c.h; path = RECommonFunctions.h; sourceTree = "<group>"; };
		30B35CEE17E54B670082CE0E /* RECommonFunctions.m */ = {isa = PBXFileReference; fileEncoding = 4; lastKnownFileType = sourcecode.c.objc; path = RECommonFunctions.m; sourceTree = "<group>"; };
		30B9914918007035007C8913 /* RETableViewInlinePickerCell.h */ = {isa = PBXFileReference; fileEncoding = 4; lastKnownFileType = sourcecode.c.h; path = RETableViewInlinePickerCell.h; sourceTree = "<group>"; };
		30B9914A18007035007C8913 /* RETableViewInlinePickerCell.m */ = {isa = PBXFileReference; fileEncoding = 4; lastKnownFileType = sourcecode.c.objc; path = RETableViewInlinePickerCell.m; sourceTree = "<group>"; };
		30B9914C18007045007C8913 /* REInlinePickerItem.h */ = {isa = PBXFileReference; fileEncoding = 4; lastKnownFileType = sourcecode.c.h; path = REInlinePickerItem.h; sourceTree = "<group>"; };
		30B9914D18007045007C8913 /* REInlinePickerItem.m */ = {isa = PBXFileReference; fileEncoding = 4; lastKnownFileType = sourcecode.c.objc; path = REInlinePickerItem.m; sourceTree = "<group>"; };
		30BB805617E0D8A400AD0861 /* MultilineTextCell.h */ = {isa = PBXFileReference; fileEncoding = 4; lastKnownFileType = sourcecode.c.h; path = MultilineTextCell.h; sourceTree = "<group>"; };
		30BB805717E0D8A400AD0861 /* MultilineTextCell.m */ = {isa = PBXFileReference; fileEncoding = 4; lastKnownFileType = sourcecode.c.objc; path = MultilineTextCell.m; sourceTree = "<group>"; };
		30BB805917E0D8C300AD0861 /* XIBTestItem.h */ = {isa = PBXFileReference; fileEncoding = 4; lastKnownFileType = sourcecode.c.h; path = XIBTestItem.h; sourceTree = "<group>"; };
		30BB805A17E0D8C300AD0861 /* XIBTestItem.m */ = {isa = PBXFileReference; fileEncoding = 4; lastKnownFileType = sourcecode.c.objc; path = XIBTestItem.m; sourceTree = "<group>"; };
		30BB805C17E0D8E700AD0861 /* MultilineTextItem.h */ = {isa = PBXFileReference; fileEncoding = 4; lastKnownFileType = sourcecode.c.h; path = MultilineTextItem.h; sourceTree = "<group>"; };
		30BB805D17E0D8E700AD0861 /* MultilineTextItem.m */ = {isa = PBXFileReference; fileEncoding = 4; lastKnownFileType = sourcecode.c.objc; path = MultilineTextItem.m; sourceTree = "<group>"; };
		30D1C7D217AC08F3001F731C /* First_Alt@2x.png */ = {isa = PBXFileReference; lastKnownFileType = image.png; name = "First_Alt@2x.png"; path = "Resources/First_Alt@2x.png"; sourceTree = "<group>"; };
		30D1C7D317AC08F3001F731C /* Last_Alt@2x.png */ = {isa = PBXFileReference; lastKnownFileType = image.png; name = "Last_Alt@2x.png"; path = "Resources/Last_Alt@2x.png"; sourceTree = "<group>"; };
		30D1C7D417AC08F3001F731C /* Middle_Alt@2x.png */ = {isa = PBXFileReference; lastKnownFileType = image.png; name = "Middle_Alt@2x.png"; path = "Resources/Middle_Alt@2x.png"; sourceTree = "<group>"; };
		30D1C7D517AC08F3001F731C /* Single_Alt@2x.png */ = {isa = PBXFileReference; lastKnownFileType = image.png; name = "Single_Alt@2x.png"; path = "Resources/Single_Alt@2x.png"; sourceTree = "<group>"; };
		30D208621718FFDE00144E46 /* REMultipleChoiceItem.h */ = {isa = PBXFileReference; fileEncoding = 4; lastKnownFileType = sourcecode.c.h; path = REMultipleChoiceItem.h; sourceTree = "<group>"; };
		30D208631718FFDE00144E46 /* REMultipleChoiceItem.m */ = {isa = PBXFileReference; fileEncoding = 4; lastKnownFileType = sourcecode.c.objc; path = REMultipleChoiceItem.m; sourceTree = "<group>"; };
		30D74552174EB4C900D4C7C1 /* RETableViewOptionCell.h */ = {isa = PBXFileReference; fileEncoding = 4; lastKnownFileType = sourcecode.c.h; path = RETableViewOptionCell.h; sourceTree = "<group>"; };
		30D74553174EB4C900D4C7C1 /* RETableViewOptionCell.m */ = {isa = PBXFileReference; fileEncoding = 4; lastKnownFileType = sourcecode.c.objc; path = RETableViewOptionCell.m; sourceTree = "<group>"; };
		30D9566A175E3C0200AB977E /* RetractableViewController.h */ = {isa = PBXFileReference; fileEncoding = 4; lastKnownFileType = sourcecode.c.h; path = RetractableViewController.h; sourceTree = "<group>"; };
		30D9566B175E3C0200AB977E /* RetractableViewController.m */ = {isa = PBXFileReference; fileEncoding = 4; lastKnownFileType = sourcecode.c.objc; path = RetractableViewController.m; sourceTree = "<group>"; };
		30DB064816E934AD006C9530 /* RETableViewBoolCell.h */ = {isa = PBXFileReference; fileEncoding = 4; lastKnownFileType = sourcecode.c.h; path = RETableViewBoolCell.h; sourceTree = "<group>"; };
		30DB064916E934AD006C9530 /* RETableViewBoolCell.m */ = {isa = PBXFileReference; fileEncoding = 4; lastKnownFileType = sourcecode.c.objc; path = RETableViewBoolCell.m; sourceTree = "<group>"; };
		30DB064A16E934AD006C9530 /* RETableViewCreditCardCell.h */ = {isa = PBXFileReference; fileEncoding = 4; lastKnownFileType = sourcecode.c.h; path = RETableViewCreditCardCell.h; sourceTree = "<group>"; };
		30DB064B16E934AD006C9530 /* RETableViewCreditCardCell.m */ = {isa = PBXFileReference; fileEncoding = 4; lastKnownFileType = sourcecode.c.objc; path = RETableViewCreditCardCell.m; sourceTree = "<group>"; };
		30DB065016E934AD006C9530 /* RETableViewTextCell.h */ = {isa = PBXFileReference; fileEncoding = 4; lastKnownFileType = sourcecode.c.h; path = RETableViewTextCell.h; sourceTree = "<group>"; };
		30DB065116E934AD006C9530 /* RETableViewTextCell.m */ = {isa = PBXFileReference; fileEncoding = 4; lastKnownFileType = sourcecode.c.objc; path = RETableViewTextCell.m; sourceTree = "<group>"; };
		30DB065316E934AD006C9530 /* REBoolItem.h */ = {isa = PBXFileReference; fileEncoding = 4; lastKnownFileType = sourcecode.c.h; path = REBoolItem.h; sourceTree = "<group>"; };
		30DB065416E934AD006C9530 /* REBoolItem.m */ = {isa = PBXFileReference; fileEncoding = 4; lastKnownFileType = sourcecode.c.objc; path = REBoolItem.m; sourceTree = "<group>"; };
		30DB065516E934AD006C9530 /* RECreditCardItem.h */ = {isa = PBXFileReference; fileEncoding = 4; lastKnownFileType = sourcecode.c.h; path = RECreditCardItem.h; sourceTree = "<group>"; };
		30DB065616E934AD006C9530 /* RECreditCardItem.m */ = {isa = PBXFileReference; fileEncoding = 4; lastKnownFileType = sourcecode.c.objc; path = RECreditCardItem.m; sourceTree = "<group>"; };
		30DB065716E934AD006C9530 /* RENumberItem.h */ = {isa = PBXFileReference; fileEncoding = 4; lastKnownFileType = sourcecode.c.h; path = RENumberItem.h; sourceTree = "<group>"; };
		30DB065816E934AD006C9530 /* RENumberItem.m */ = {isa = PBXFileReference; fileEncoding = 4; lastKnownFileType = sourcecode.c.objc; path = RENumberItem.m; sourceTree = "<group>"; };
		30DB065B16E934AD006C9530 /* RETextItem.h */ = {isa = PBXFileReference; fileEncoding = 4; lastKnownFileType = sourcecode.c.h; path = RETextItem.h; sourceTree = "<group>"; };
		30DB065C16E934AD006C9530 /* RETextItem.m */ = {isa = PBXFileReference; fileEncoding = 4; lastKnownFileType = sourcecode.c.objc; path = RETextItem.m; sourceTree = "<group>"; };
		30DB065D16E934AD006C9530 /* REActionBar.h */ = {isa = PBXFileReference; fileEncoding = 4; lastKnownFileType = sourcecode.c.h; path = REActionBar.h; sourceTree = "<group>"; };
		30DB065E16E934AD006C9530 /* REActionBar.m */ = {isa = PBXFileReference; fileEncoding = 4; lastKnownFileType = sourcecode.c.objc; path = REActionBar.m; sourceTree = "<group>"; };
		30DB065F16E934AD006C9530 /* RETableViewCell.h */ = {isa = PBXFileReference; fileEncoding = 4; lastKnownFileType = sourcecode.c.h; path = RETableViewCell.h; sourceTree = "<group>"; };
		30DB066016E934AD006C9530 /* RETableViewCell.m */ = {isa = PBXFileReference; fileEncoding = 4; lastKnownFileType = sourcecode.c.objc; path = RETableViewCell.m; sourceTree = "<group>"; };
		30DB066116E934AD006C9530 /* RETableViewCellStyle.h */ = {isa = PBXFileReference; fileEncoding = 4; lastKnownFileType = sourcecode.c.h; path = RETableViewCellStyle.h; sourceTree = "<group>"; };
		30DB066216E934AD006C9530 /* RETableViewCellStyle.m */ = {isa = PBXFileReference; fileEncoding = 4; lastKnownFileType = sourcecode.c.objc; path = RETableViewCellStyle.m; sourceTree = "<group>"; };
		30DB066316E934AD006C9530 /* RETableViewItem.h */ = {isa = PBXFileReference; fileEncoding = 4; lastKnownFileType = sourcecode.c.h; path = RETableViewItem.h; sourceTree = "<group>"; };
		30DB066416E934AD006C9530 /* RETableViewItem.m */ = {isa = PBXFileReference; fileEncoding = 4; lastKnownFileType = sourcecode.c.objc; path = RETableViewItem.m; sourceTree = "<group>"; };
		30DB066516E934AD006C9530 /* RETableViewManager.bundle */ = {isa = PBXFileReference; lastKnownFileType = "wrapper.plug-in"; path = RETableViewManager.bundle; sourceTree = "<group>"; };
		30DB066616E934AD006C9530 /* RETableViewManager.h */ = {isa = PBXFileReference; fileEncoding = 4; lastKnownFileType = sourcecode.c.h; path = RETableViewManager.h; sourceTree = "<group>"; };
		30DB066716E934AD006C9530 /* RETableViewManager.m */ = {isa = PBXFileReference; fileEncoding = 4; lastKnownFileType = sourcecode.c.objc; path = RETableViewManager.m; sourceTree = "<group>"; };
		30DB066816E934AD006C9530 /* RETableViewSection.h */ = {isa = PBXFileReference; fileEncoding = 4; lastKnownFileType = sourcecode.c.h; path = RETableViewSection.h; sourceTree = "<group>"; };
		30DB066916E934AD006C9530 /* RETableViewSection.m */ = {isa = PBXFileReference; fileEncoding = 4; lastKnownFileType = sourcecode.c.objc; path = RETableViewSection.m; sourceTree = "<group>"; };
		30DBFA8F17FC827D0099ACA5 /* REPickerItem.h */ = {isa = PBXFileReference; fileEncoding = 4; lastKnownFileType = sourcecode.c.h; path = REPickerItem.h; sourceTree = "<group>"; };
		30DBFA9017FC827D0099ACA5 /* REPickerItem.m */ = {isa = PBXFileReference; fileEncoding = 4; lastKnownFileType = sourcecode.c.objc; path = REPickerItem.m; sourceTree = "<group>"; };
		30DBFA9217FC84380099ACA5 /* RETableViewPickerCell.h */ = {isa = PBXFileReference; fileEncoding = 4; lastKnownFileType = sourcecode.c.h; path = RETableViewPickerCell.h; sourceTree = "<group>"; };
		30DBFA9317FC84380099ACA5 /* RETableViewPickerCell.m */ = {isa = PBXFileReference; fileEncoding = 4; lastKnownFileType = sourcecode.c.objc; path = RETableViewPickerCell.m; sourceTree = "<group>"; };
		30DBFA9517FCB71B0099ACA5 /* RESegmentedItem.h */ = {isa = PBXFileReference; fileEncoding = 4; lastKnownFileType = sourcecode.c.h; path = RESegmentedItem.h; sourceTree = "<group>"; };
		30DBFA9617FCB71B0099ACA5 /* RESegmentedItem.m */ = {isa = PBXFileReference; fileEncoding = 4; lastKnownFileType = sourcecode.c.objc; path = RESegmentedItem.m; sourceTree = "<group>"; };
		30DBFA9817FCB7230099ACA5 /* RETableViewSegmentedCell.h */ = {isa = PBXFileReference; fileEncoding = 4; lastKnownFileType = sourcecode.c.h; path = RETableViewSegmentedCell.h; sourceTree = "<group>"; };
		30DBFA9917FCB7230099ACA5 /* RETableViewSegmentedCell.m */ = {isa = PBXFileReference; fileEncoding = 4; lastKnownFileType = sourcecode.c.objc; path = RETableViewSegmentedCell.m; sourceTree = "<group>"; };
		30E16A46171A103300F7C258 /* EditingViewController.h */ = {isa = PBXFileReference; fileEncoding = 4; lastKnownFileType = sourcecode.c.h; path = EditingViewController.h; sourceTree = "<group>"; };
		30E16A47171A103300F7C258 /* EditingViewController.m */ = {isa = PBXFileReference; fileEncoding = 4; lastKnownFileType = sourcecode.c.objc; path = EditingViewController.m; sourceTree = "<group>"; };
		30E5F50A17BBD163005CF1FE /* IndexedListViewController.h */ = {isa = PBXFileReference; fileEncoding = 4; lastKnownFileType = sourcecode.c.h; path = IndexedListViewController.h; sourceTree = "<group>"; };
		30E5F50B17BBD163005CF1FE /* IndexedListViewController.m */ = {isa = PBXFileReference; fileEncoding = 4; lastKnownFileType = sourcecode.c.objc; path = IndexedListViewController.m; sourceTree = "<group>"; };
		30EF93AF16E039B800B84981 /* RETableViewManagerExample.app */ = {isa = PBXFileReference; explicitFileType = wrapper.application; includeInIndex = 0; path = RETableViewManagerExample.app; sourceTree = BUILT_PRODUCTS_DIR; };
		30EF93B216E039B800B84981 /* UIKit.framework */ = {isa = PBXFileReference; lastKnownFileType = wrapper.framework; name = UIKit.framework; path = System/Library/Frameworks/UIKit.framework; sourceTree = SDKROOT; };
		30EF93B416E039B800B84981 /* Foundation.framework */ = {isa = PBXFileReference; lastKnownFileType = wrapper.framework; name = Foundation.framework; path = System/Library/Frameworks/Foundation.framework; sourceTree = SDKROOT; };
		30EF93B616E039B800B84981 /* CoreGraphics.framework */ = {isa = PBXFileReference; lastKnownFileType = wrapper.framework; name = CoreGraphics.framework; path = System/Library/Frameworks/CoreGraphics.framework; sourceTree = SDKROOT; };
		30EF93BA16E039B800B84981 /* RETableViewManagerExample-Info.plist */ = {isa = PBXFileReference; lastKnownFileType = text.plist.xml; path = "RETableViewManagerExample-Info.plist"; sourceTree = "<group>"; };
		30EF93BC16E039B800B84981 /* en */ = {isa = PBXFileReference; lastKnownFileType = text.plist.strings; name = en; path = en.lproj/InfoPlist.strings; sourceTree = "<group>"; };
		30EF93BE16E039B800B84981 /* main.m */ = {isa = PBXFileReference; lastKnownFileType = sourcecode.c.objc; path = main.m; sourceTree = "<group>"; };
		30EF93C016E039B800B84981 /* RETableViewManagerExample-Prefix.pch */ = {isa = PBXFileReference; lastKnownFileType = sourcecode.c.h; path = "RETableViewManagerExample-Prefix.pch"; sourceTree = "<group>"; };
		30EF93C116E039B800B84981 /* AppDelegate.h */ = {isa = PBXFileReference; lastKnownFileType = sourcecode.c.h; path = AppDelegate.h; sourceTree = "<group>"; };
		30EF93C216E039B800B84981 /* AppDelegate.m */ = {isa = PBXFileReference; lastKnownFileType = sourcecode.c.objc; path = AppDelegate.m; sourceTree = "<group>"; };
		30EF93C416E039B800B84981 /* Default.png */ = {isa = PBXFileReference; lastKnownFileType = image.png; path = Default.png; sourceTree = "<group>"; };
		30EF93C616E039B800B84981 /* Default@2x.png */ = {isa = PBXFileReference; lastKnownFileType = image.png; path = "Default@2x.png"; sourceTree = "<group>"; };
		30EF93C816E039B800B84981 /* Default-568h@2x.png */ = {isa = PBXFileReference; lastKnownFileType = image.png; path = "Default-568h@2x.png"; sourceTree = "<group>"; };
		30F41316170E07BB0004EBAE /* RETableViewOptionsController.h */ = {isa = PBXFileReference; fileEncoding = 4; lastKnownFileType = sourcecode.c.h; path = RETableViewOptionsController.h; sourceTree = "<group>"; };
		30F41317170E07BB0004EBAE /* RETableViewOptionsController.m */ = {isa = PBXFileReference; fileEncoding = 4; lastKnownFileType = sourcecode.c.objc; path = RETableViewOptionsController.m; sourceTree = "<group>"; };
		30F41319170E0F620004EBAE /* RERadioItem.h */ = {isa = PBXFileReference; fileEncoding = 4; lastKnownFileType = sourcecode.c.h; path = RERadioItem.h; sourceTree = "<group>"; };
		30F4131A170E0F620004EBAE /* RERadioItem.m */ = {isa = PBXFileReference; fileEncoding = 4; lastKnownFileType = sourcecode.c.objc; path = RERadioItem.m; sourceTree = "<group>"; };
		30F4138C170E2E820004EBAE /* RETableViewNumberCell.h */ = {isa = PBXFileReference; fileEncoding = 4; lastKnownFileType = sourcecode.c.h; path = RETableViewNumberCell.h; sourceTree = "<group>"; };
		30F4138D170E2E820004EBAE /* RETableViewNumberCell.m */ = {isa = PBXFileReference; fileEncoding = 4; lastKnownFileType = sourcecode.c.objc; path = RETableViewNumberCell.m; sourceTree = "<group>"; };
		30FE4145176A306600F317B8 /* StylingViewController.h */ = {isa = PBXFileReference; fileEncoding = 4; lastKnownFileType = sourcecode.c.h; path = StylingViewController.h; sourceTree = "<group>"; };
		30FE4146176A306600F317B8 /* StylingViewController.m */ = {isa = PBXFileReference; fileEncoding = 4; lastKnownFileType = sourcecode.c.objc; path = StylingViewController.m; sourceTree = "<group>"; };
		30FE4152176A32C300F317B8 /* First_Selected@2x.png */ = {isa = PBXFileReference; lastKnownFileType = image.png; name = "First_Selected@2x.png"; path = "Resources/First_Selected@2x.png"; sourceTree = "<group>"; };
		30FE4153176A32C300F317B8 /* First@2x.png */ = {isa = PBXFileReference; lastKnownFileType = image.png; name = "First@2x.png"; path = "Resources/First@2x.png"; sourceTree = "<group>"; };
		30FE4155176A32C300F317B8 /* Last_Selected@2x.png */ = {isa = PBXFileReference; lastKnownFileType = image.png; name = "Last_Selected@2x.png"; path = "Resources/Last_Selected@2x.png"; sourceTree = "<group>"; };
		30FE4156176A32C300F317B8 /* Last@2x.png */ = {isa = PBXFileReference; lastKnownFileType = image.png; name = "Last@2x.png"; path = "Resources/Last@2x.png"; sourceTree = "<group>"; };
		30FE4157176A32C300F317B8 /* Middle_Selected@2x.png */ = {isa = PBXFileReference; lastKnownFileType = image.png; name = "Middle_Selected@2x.png"; path = "Resources/Middle_Selected@2x.png"; sourceTree = "<group>"; };
		30FE4158176A32C300F317B8 /* Middle@2x.png */ = {isa = PBXFileReference; lastKnownFileType = image.png; name = "Middle@2x.png"; path = "Resources/Middle@2x.png"; sourceTree = "<group>"; };
		30FE4159176A32C300F317B8 /* Single_Selected@2x.png */ = {isa = PBXFileReference; lastKnownFileType = image.png; name = "Single_Selected@2x.png"; path = "Resources/Single_Selected@2x.png"; sourceTree = "<group>"; };
		30FE415A176A32C300F317B8 /* Single@2x.png */ = {isa = PBXFileReference; lastKnownFileType = image.png; name = "Single@2x.png"; path = "Resources/Single@2x.png"; sourceTree = "<group>"; };
		50359B1F19D2BF8C00559B3E /* Default-667h@2x.png */ = {isa = PBXFileReference; lastKnownFileType = image.png; path = "Default-667h@2x.png"; sourceTree = "<group>"; };
		50359B2019D2BF8C00559B3E /* Default-736h@3x.png */ = {isa = PBXFileReference; lastKnownFileType = image.png; path = "Default-736h@3x.png"; sourceTree = "<group>"; };
		5EA85FF11E7E458B98D5825C /* libPods.a */ = {isa = PBXFileReference; explicitFileType = archive.ar; includeInIndex = 0; path = libPods.a; sourceTree = BUILT_PRODUCTS_DIR; };
		E4370D63D1564228A75E7BD2 /* Pods.xcconfig */ = {isa = PBXFileReference; includeInIndex = 1; lastKnownFileType = text.xcconfig; name = Pods.xcconfig; path = Pods/Pods.xcconfig; sourceTree = "<group>"; };
/* End PBXFileReference section */

/* Begin PBXFrameworksBuildPhase section */
		30EF93AC16E039B800B84981 /* Frameworks */ = {
			isa = PBXFrameworksBuildPhase;
			buildActionMask = 2147483647;
			files = (
				30EF93B316E039B800B84981 /* UIKit.framework in Frameworks */,
				30EF93B516E039B800B84981 /* Foundation.framework in Frameworks */,
				30EF93B716E039B800B84981 /* CoreGraphics.framework in Frameworks */,
				53378ADE88FA40FD87184931 /* libPods.a in Frameworks */,
			);
			runOnlyForDeploymentPostprocessing = 0;
		};
/* End PBXFrameworksBuildPhase section */

/* Begin PBXGroup section */
		302D2147170B25B10085654F /* Classes */ = {
			isa = PBXGroup;
			children = (
				302D2148170B25B10085654F /* Controllers */,
				302D215D170B27BD0085654F /* Models */,
				302D214F170B25B10085654F /* Views */,
			);
			path = Classes;
			sourceTree = "<group>";
		};
		302D2148170B25B10085654F /* Controllers */ = {
			isa = PBXGroup;
			children = (
				302D2149170B25B10085654F /* ControlsViewController.h */,
				302D214A170B25B10085654F /* ControlsViewController.m */,
				302D214B170B25B10085654F /* ListViewController.h */,
				302D214C170B25B10085654F /* ListViewController.m */,
				302D214D170B25B10085654F /* RootViewController.h */,
				302D214E170B25B10085654F /* RootViewController.m */,
				30E16A46171A103300F7C258 /* EditingViewController.h */,
				30E16A47171A103300F7C258 /* EditingViewController.m */,
				30D9566A175E3C0200AB977E /* RetractableViewController.h */,
				30D9566B175E3C0200AB977E /* RetractableViewController.m */,
				30FE4145176A306600F317B8 /* StylingViewController.h */,
				30FE4146176A306600F317B8 /* StylingViewController.m */,
				303D967017B7CDE300A418F3 /* XIBTestViewController.h */,
				303D967117B7CDE300A418F3 /* XIBTestViewController.m */,
				30E5F50A17BBD163005CF1FE /* IndexedListViewController.h */,
				30E5F50B17BBD163005CF1FE /* IndexedListViewController.m */,
				30B00D7817C667A90010D439 /* ValidationsViewController.h */,
				30B00D7917C667A90010D439 /* ValidationsViewController.m */,
			);
			path = Controllers;
			sourceTree = "<group>";
		};
		302D214F170B25B10085654F /* Views */ = {
			isa = PBXGroup;
			children = (
				302D2153170B25D90085654F /* ListHeaderView.h */,
				302D2154170B25D90085654F /* ListHeaderView.m */,
				302D2161170B27ED0085654F /* ListImageCell.h */,
				302D2162170B27ED0085654F /* ListImageCell.m */,
				303D966917B7CCF800A418F3 /* XIBTestCell.h */,
				303D966A17B7CCF800A418F3 /* XIBTestCell.m */,
				303D966E17B7CD2F00A418F3 /* XIBTestCell.xib */,
				30BB805617E0D8A400AD0861 /* MultilineTextCell.h */,
				30BB805717E0D8A400AD0861 /* MultilineTextCell.m */,
			);
			path = Views;
			sourceTree = "<group>";
		};
		302D215D170B27BD0085654F /* Models */ = {
			isa = PBXGroup;
			children = (
				30BB805917E0D8C300AD0861 /* XIBTestItem.h */,
				30BB805A17E0D8C300AD0861 /* XIBTestItem.m */,
				302D215E170B27BD0085654F /* ListImageItem.h */,
				302D215F170B27BD0085654F /* ListImageItem.m */,
				30BB805C17E0D8E700AD0861 /* MultilineTextItem.h */,
				30BB805D17E0D8E700AD0861 /* MultilineTextItem.m */,
			);
			path = Models;
			sourceTree = "<group>";
		};
		30939CDC17949A10004D95A9 /* Photos */ = {
			isa = PBXGroup;
			children = (
				30939CDD17949A10004D95A9 /* photo1.jpg */,
				30939CDE17949A10004D95A9 /* photo2.jpg */,
				30939CDF17949A10004D95A9 /* photo3.jpg */,
				30939CE017949A10004D95A9 /* photo4.jpg */,
				30939CE117949A10004D95A9 /* photo5.jpg */,
				30939CE217949A10004D95A9 /* photo6.jpg */,
				30939CE317949A10004D95A9 /* userpic1.jpg */,
				30939CE417949A10004D95A9 /* userpic2.jpg */,
				30939CE517949A10004D95A9 /* userpic3.jpg */,
				30939CE617949A10004D95A9 /* userpic4.jpg */,
				30939CE717949A10004D95A9 /* userpic5.jpg */,
				30939CE817949A10004D95A9 /* userpic6.jpg */,
			);
			path = Photos;
			sourceTree = "<group>";
		};
		30DB064616E934AD006C9530 /* RETableViewManager */ = {
			isa = PBXGroup;
			children = (
				30DB064716E934AD006C9530 /* Cells */,
				30DB065216E934AD006C9530 /* Items */,
				30DB065D16E934AD006C9530 /* REActionBar.h */,
				30DB065E16E934AD006C9530 /* REActionBar.m */,
				30B35CED17E54AE30082CE0E /* RECommonFunctions.h */,
				30B35CEE17E54B670082CE0E /* RECommonFunctions.m */,
				30082D1817170EDD008B0DB5 /* REPlaceholderTextView.h */,
				30082D1917170EDD008B0DB5 /* REPlaceholderTextView.m */,
				30DB065F16E934AD006C9530 /* RETableViewCell.h */,
				30DB066016E934AD006C9530 /* RETableViewCell.m */,
				30DB066116E934AD006C9530 /* RETableViewCellStyle.h */,
				30DB066216E934AD006C9530 /* RETableViewCellStyle.m */,
				30DB066316E934AD006C9530 /* RETableViewItem.h */,
				30DB066416E934AD006C9530 /* RETableViewItem.m */,
				30DB066516E934AD006C9530 /* RETableViewManager.bundle */,
				30DB066616E934AD006C9530 /* RETableViewManager.h */,
				30DB066716E934AD006C9530 /* RETableViewManager.m */,
				30F41316170E07BB0004EBAE /* RETableViewOptionsController.h */,
				30F41317170E07BB0004EBAE /* RETableViewOptionsController.m */,
				30DB066816E934AD006C9530 /* RETableViewSection.h */,
				30DB066916E934AD006C9530 /* RETableViewSection.m */,
				3008EB1A17ECEB8B005D36D9 /* NSString+RETableViewManagerAdditions.h */,
				3008EB1B17ECEB8B005D36D9 /* NSString+RETableViewManagerAdditions.m */,
			);
			name = RETableViewManager;
			path = ../RETableViewManager;
			sourceTree = "<group>";
		};
		30DB064716E934AD006C9530 /* Cells */ = {
			isa = PBXGroup;
			children = (
				30DBFA9817FCB7230099ACA5 /* RETableViewSegmentedCell.h */,
				30DBFA9917FCB7230099ACA5 /* RETableViewSegmentedCell.m */,
				30DB064816E934AD006C9530 /* RETableViewBoolCell.h */,
				30DB064916E934AD006C9530 /* RETableViewBoolCell.m */,
				30DB064A16E934AD006C9530 /* RETableViewCreditCardCell.h */,
				30DB064B16E934AD006C9530 /* RETableViewCreditCardCell.m */,
				30DB065016E934AD006C9530 /* RETableViewTextCell.h */,
				30DB065116E934AD006C9530 /* RETableViewTextCell.m */,
				30F4138C170E2E820004EBAE /* RETableViewNumberCell.h */,
				30F4138D170E2E820004EBAE /* RETableViewNumberCell.m */,
				300E5A27170F48EC00910013 /* RETableViewFloatCell.h */,
				300E5A28170F48EC00910013 /* RETableViewFloatCell.m */,
				300E5A2D170F63B600910013 /* RETableViewDateTimeCell.h */,
				300E5A2E170F63B600910013 /* RETableViewDateTimeCell.m */,
				300E5B4017170B0100910013 /* RETableViewLongTextCell.h */,
				300E5B4117170B0100910013 /* RETableViewLongTextCell.m */,
				30D74552174EB4C900D4C7C1 /* RETableViewOptionCell.h */,
				30D74553174EB4C900D4C7C1 /* RETableViewOptionCell.m */,
				30DBFA9217FC84380099ACA5 /* RETableViewPickerCell.h */,
				30DBFA9317FC84380099ACA5 /* RETableViewPickerCell.m */,
				3014617717FF1F6F000590A7 /* RETableViewInlineDatePickerCell.h */,
				3014617817FF1F6F000590A7 /* RETableViewInlineDatePickerCell.m */,
				30B9914918007035007C8913 /* RETableViewInlinePickerCell.h */,
				30B9914A18007035007C8913 /* RETableViewInlinePickerCell.m */,
			);
			path = Cells;
			sourceTree = "<group>";
		};
		30DB065216E934AD006C9530 /* Items */ = {
			isa = PBXGroup;
			children = (
				30DBFA9517FCB71B0099ACA5 /* RESegmentedItem.h */,
				30DBFA9617FCB71B0099ACA5 /* RESegmentedItem.m */,
				30DB065316E934AD006C9530 /* REBoolItem.h */,
				30DB065416E934AD006C9530 /* REBoolItem.m */,
				30DB065516E934AD006C9530 /* RECreditCardItem.h */,
				30DB065616E934AD006C9530 /* RECreditCardItem.m */,
				30DB065716E934AD006C9530 /* RENumberItem.h */,
				30DB065816E934AD006C9530 /* RENumberItem.m */,
				30F41319170E0F620004EBAE /* RERadioItem.h */,
				30F4131A170E0F620004EBAE /* RERadioItem.m */,
				30DB065B16E934AD006C9530 /* RETextItem.h */,
				30DB065C16E934AD006C9530 /* RETextItem.m */,
				300E5A24170F486800910013 /* REFloatItem.h */,
				300E5A25170F486800910013 /* REFloatItem.m */,
				300E5A2A170F621400910013 /* REDateTimeItem.h */,
				300E5A2B170F621400910013 /* REDateTimeItem.m */,
				300E5B3D17170AE000910013 /* RELongTextItem.h */,
				300E5B3E17170AE100910013 /* RELongTextItem.m */,
				30D208621718FFDE00144E46 /* REMultipleChoiceItem.h */,
				30D208631718FFDE00144E46 /* REMultipleChoiceItem.m */,
				30DBFA8F17FC827D0099ACA5 /* REPickerItem.h */,
				30DBFA9017FC827D0099ACA5 /* REPickerItem.m */,
				3014617A17FF1F8B000590A7 /* REInlineDatePickerItem.h */,
				3014617B17FF1F8B000590A7 /* REInlineDatePickerItem.m */,
				30B9914C18007045007C8913 /* REInlinePickerItem.h */,
				30B9914D18007045007C8913 /* REInlinePickerItem.m */,
			);
			path = Items;
			sourceTree = "<group>";
		};
		30EF93A616E039B800B84981 = {
			isa = PBXGroup;
			children = (
				30DB064616E934AD006C9530 /* RETableViewManager */,
				30EF93B816E039B800B84981 /* RETableViewManagerExample */,
				30EF93B116E039B800B84981 /* Frameworks */,
				30EF93B016E039B800B84981 /* Products */,
				E4370D63D1564228A75E7BD2 /* Pods.xcconfig */,
			);
			sourceTree = "<group>";
		};
		30EF93B016E039B800B84981 /* Products */ = {
			isa = PBXGroup;
			children = (
				30EF93AF16E039B800B84981 /* RETableViewManagerExample.app */,
			);
			name = Products;
			sourceTree = "<group>";
		};
		30EF93B116E039B800B84981 /* Frameworks */ = {
			isa = PBXGroup;
			children = (
				30EF93B216E039B800B84981 /* UIKit.framework */,
				30EF93B416E039B800B84981 /* Foundation.framework */,
				30EF93B616E039B800B84981 /* CoreGraphics.framework */,
				5EA85FF11E7E458B98D5825C /* libPods.a */,
			);
			name = Frameworks;
			sourceTree = "<group>";
		};
		30EF93B816E039B800B84981 /* RETableViewManagerExample */ = {
			isa = PBXGroup;
			children = (
				30EF93C116E039B800B84981 /* AppDelegate.h */,
				30EF93C216E039B800B84981 /* AppDelegate.m */,
				302D2147170B25B10085654F /* Classes */,
				30EF93B916E039B800B84981 /* Supporting Files */,
			);
			path = RETableViewManagerExample;
			sourceTree = "<group>";
		};
		30EF93B916E039B800B84981 /* Supporting Files */ = {
			isa = PBXGroup;
			children = (
				30EF93BE16E039B800B84981 /* main.m */,
				30EF93C016E039B800B84981 /* RETableViewManagerExample-Prefix.pch */,
				30EF93BA16E039B800B84981 /* RETableViewManagerExample-Info.plist */,
				30EF93C816E039B800B84981 /* Default-568h@2x.png */,
				50359B1F19D2BF8C00559B3E /* Default-667h@2x.png */,
				50359B2019D2BF8C00559B3E /* Default-736h@3x.png */,
				30EF93C416E039B800B84981 /* Default.png */,
				30EF93C616E039B800B84981 /* Default@2x.png */,
				30FE4153176A32C300F317B8 /* First@2x.png */,
				30D1C7D217AC08F3001F731C /* First_Alt@2x.png */,
				30FE4152176A32C300F317B8 /* First_Selected@2x.png */,
				30FE4156176A32C300F317B8 /* Last@2x.png */,
				30D1C7D317AC08F3001F731C /* Last_Alt@2x.png */,
				30FE4155176A32C300F317B8 /* Last_Selected@2x.png */,
				30FE4158176A32C300F317B8 /* Middle@2x.png */,
				30D1C7D417AC08F3001F731C /* Middle_Alt@2x.png */,
				30FE4157176A32C300F317B8 /* Middle_Selected@2x.png */,
				3079756717B3FDC600A58A71 /* Heart_Highlighted@2x.png */,
				3079756517B3FD4600A58A71 /* Heart@2x.png */,
				30FE415A176A32C300F317B8 /* Single@2x.png */,
				30D1C7D517AC08F3001F731C /* Single_Alt@2x.png */,
				30FE4159176A32C300F317B8 /* Single_Selected@2x.png */,
				30EF93BB16E039B800B84981 /* InfoPlist.strings */,
				30939CDC17949A10004D95A9 /* Photos */,
			);
			name = "Supporting Files";
			sourceTree = "<group>";
		};
/* End PBXGroup section */

/* Begin PBXNativeTarget section */
		30EF93AE16E039B800B84981 /* RETableViewManagerExample */ = {
			isa = PBXNativeTarget;
			buildConfigurationList = 30EF93CC16E039B800B84981 /* Build configuration list for PBXNativeTarget "RETableViewManagerExample" */;
			buildPhases = (
				C91F9E51E3614E49887C24A5 /* Check Pods Manifest.lock */,
				30EF93AB16E039B800B84981 /* Sources */,
				30EF93AC16E039B800B84981 /* Frameworks */,
				30EF93AD16E039B800B84981 /* Resources */,
				F83E7E6735F94118B5022F1E /* Copy Pods Resources */,
			);
			buildRules = (
			);
			dependencies = (
			);
			name = RETableViewManagerExample;
			productName = RETableViewManagerExample;
			productReference = 30EF93AF16E039B800B84981 /* RETableViewManagerExample.app */;
			productType = "com.apple.product-type.application";
		};
/* End PBXNativeTarget section */

/* Begin PBXProject section */
		30EF93A716E039B800B84981 /* Project object */ = {
			isa = PBXProject;
			attributes = {
				LastUpgradeCheck = 0510;
				ORGANIZATIONNAME = "Roman Efimov";
				TargetAttributes = {
					30EF93AE16E039B800B84981 = {
						DevelopmentTeam = 4CXX7T9ASM;
					};
				};
			};
			buildConfigurationList = 30EF93AA16E039B800B84981 /* Build configuration list for PBXProject "RETableViewManagerExample" */;
			compatibilityVersion = "Xcode 3.2";
			developmentRegion = English;
			hasScannedForEncodings = 0;
			knownRegions = (
				en,
			);
			mainGroup = 30EF93A616E039B800B84981;
			productRefGroup = 30EF93B016E039B800B84981 /* Products */;
			projectDirPath = "";
			projectRoot = "";
			targets = (
				30EF93AE16E039B800B84981 /* RETableViewManagerExample */,
			);
		};
/* End PBXProject section */

/* Begin PBXResourcesBuildPhase section */
		30EF93AD16E039B800B84981 /* Resources */ = {
			isa = PBXResourcesBuildPhase;
			buildActionMask = 2147483647;
			files = (
				30EF93BD16E039B800B84981 /* InfoPlist.strings in Resources */,
				30EF93C516E039B800B84981 /* Default.png in Resources */,
				30EF93C716E039B800B84981 /* Default@2x.png in Resources */,
				30EF93C916E039B800B84981 /* Default-568h@2x.png in Resources */,
				30DB067816E934AD006C9530 /* RETableViewManager.bundle in Resources */,
				30FE415B176A32C300F317B8 /* First_Selected@2x.png in Resources */,
				30FE415C176A32C300F317B8 /* First@2x.png in Resources */,
				30FE415E176A32C300F317B8 /* Last_Selected@2x.png in Resources */,
				30FE415F176A32C300F317B8 /* Last@2x.png in Resources */,
				30FE4160176A32C300F317B8 /* Middle_Selected@2x.png in Resources */,
				30FE4161176A32C300F317B8 /* Middle@2x.png in Resources */,
				30FE4162176A32C300F317B8 /* Single_Selected@2x.png in Resources */,
				30FE4163176A32C300F317B8 /* Single@2x.png in Resources */,
				30939CE917949A10004D95A9 /* photo1.jpg in Resources */,
				30939CEA17949A10004D95A9 /* photo2.jpg in Resources */,
				30939CEB17949A10004D95A9 /* photo3.jpg in Resources */,
				30939CEC17949A10004D95A9 /* photo4.jpg in Resources */,
				30939CED17949A10004D95A9 /* photo5.jpg in Resources */,
				30939CEE17949A10004D95A9 /* photo6.jpg in Resources */,
				50359B2119D2BF8C00559B3E /* Default-667h@2x.png in Resources */,
				30939CEF17949A10004D95A9 /* userpic1.jpg in Resources */,
				30939CF017949A10004D95A9 /* userpic2.jpg in Resources */,
				30939CF117949A10004D95A9 /* userpic3.jpg in Resources */,
				30939CF217949A10004D95A9 /* userpic4.jpg in Resources */,
				30939CF317949A10004D95A9 /* userpic5.jpg in Resources */,
				30939CF417949A10004D95A9 /* userpic6.jpg in Resources */,
				30D1C7D617AC08F4001F731C /* First_Alt@2x.png in Resources */,
				30D1C7D717AC08F4001F731C /* Last_Alt@2x.png in Resources */,
				30D1C7D817AC08F4001F731C /* Middle_Alt@2x.png in Resources */,
				50359B2219D2BF8C00559B3E /* Default-736h@3x.png in Resources */,
				30D1C7D917AC08F4001F731C /* Single_Alt@2x.png in Resources */,
				3079756617B3FD4600A58A71 /* Heart@2x.png in Resources */,
				3079756817B3FDC600A58A71 /* Heart_Highlighted@2x.png in Resources */,
				303D966F17B7CD2F00A418F3 /* XIBTestCell.xib in Resources */,
			);
			runOnlyForDeploymentPostprocessing = 0;
		};
/* End PBXResourcesBuildPhase section */

/* Begin PBXShellScriptBuildPhase section */
		C91F9E51E3614E49887C24A5 /* Check Pods Manifest.lock */ = {
			isa = PBXShellScriptBuildPhase;
			buildActionMask = 2147483647;
			files = (
			);
			inputPaths = (
			);
			name = "Check Pods Manifest.lock";
			outputPaths = (
			);
			runOnlyForDeploymentPostprocessing = 0;
			shellPath = /bin/sh;
			shellScript = "diff \"${PODS_ROOT}/../Podfile.lock\" \"${PODS_ROOT}/Manifest.lock\" > /dev/null\nif [[ $? != 0 ]] ; then\n    cat << EOM\nerror: The sandbox is not in sync with the Podfile.lock. Run 'pod install' or update your CocoaPods installation.\nEOM\n    exit 1\nfi\n";
			showEnvVarsInLog = 0;
		};
		F83E7E6735F94118B5022F1E /* Copy Pods Resources */ = {
			isa = PBXShellScriptBuildPhase;
			buildActionMask = 2147483647;
			files = (
			);
			inputPaths = (
			);
			name = "Copy Pods Resources";
			outputPaths = (
			);
			runOnlyForDeploymentPostprocessing = 0;
			shellPath = /bin/sh;
			shellScript = "\"${SRCROOT}/Pods/Pods-resources.sh\"\n";
			showEnvVarsInLog = 0;
		};
/* End PBXShellScriptBuildPhase section */

/* Begin PBXSourcesBuildPhase section */
		30EF93AB16E039B800B84981 /* Sources */ = {
			isa = PBXSourcesBuildPhase;
			buildActionMask = 2147483647;
			files = (
				30EF93BF16E039B800B84981 /* main.m in Sources */,
				30EF93C316E039B800B84981 /* AppDelegate.m in Sources */,
				30DB066A16E934AD006C9530 /* RETableViewBoolCell.m in Sources */,
				30DBFA9717FCB71B0099ACA5 /* RESegmentedItem.m in Sources */,
				30DB066B16E934AD006C9530 /* RETableViewCreditCardCell.m in Sources */,
				30DB066E16E934AD006C9530 /* RETableViewTextCell.m in Sources */,
				30DB066F16E934AD006C9530 /* REBoolItem.m in Sources */,
				30BB805817E0D8A400AD0861 /* MultilineTextCell.m in Sources */,
				30DBFA9A17FCB7230099ACA5 /* RETableViewSegmentedCell.m in Sources */,
				30DB067016E934AD006C9530 /* RECreditCardItem.m in Sources */,
				30DB067116E934AD006C9530 /* RENumberItem.m in Sources */,
				30DB067316E934AD006C9530 /* RETextItem.m in Sources */,
				30DB067416E934AD006C9530 /* REActionBar.m in Sources */,
				30DB067516E934AD006C9530 /* RETableViewCell.m in Sources */,
				30DB067616E934AD006C9530 /* RETableViewCellStyle.m in Sources */,
				3014617917FF1F6F000590A7 /* RETableViewInlineDatePickerCell.m in Sources */,
				30DB067716E934AD006C9530 /* RETableViewItem.m in Sources */,
				30DB067916E934AD006C9530 /* RETableViewManager.m in Sources */,
				30DB067A16E934AD006C9530 /* RETableViewSection.m in Sources */,
				302D2150170B25B10085654F /* ControlsViewController.m in Sources */,
				302D2151170B25B10085654F /* ListViewController.m in Sources */,
				302D2152170B25B10085654F /* RootViewController.m in Sources */,
				302D2155170B25D90085654F /* ListHeaderView.m in Sources */,
				302D2160170B27BD0085654F /* ListImageItem.m in Sources */,
				302D2163170B27ED0085654F /* ListImageCell.m in Sources */,
				30F41318170E07BB0004EBAE /* RETableViewOptionsController.m in Sources */,
				30F4131B170E0F620004EBAE /* RERadioItem.m in Sources */,
				30F4138E170E2E820004EBAE /* RETableViewNumberCell.m in Sources */,
				300E5A26170F486800910013 /* REFloatItem.m in Sources */,
				300E5A29170F48EC00910013 /* RETableViewFloatCell.m in Sources */,
				300E5A2C170F621400910013 /* REDateTimeItem.m in Sources */,
				300E5A2F170F63B600910013 /* RETableViewDateTimeCell.m in Sources */,
				300E5B3F17170AE100910013 /* RELongTextItem.m in Sources */,
				300E5B4217170B0200910013 /* RETableViewLongTextCell.m in Sources */,
				30B35CEF17E54B670082CE0E /* RECommonFunctions.m in Sources */,
				30DBFA9417FC84380099ACA5 /* RETableViewPickerCell.m in Sources */,
				3014617C17FF1F8B000590A7 /* REInlineDatePickerItem.m in Sources */,
				30BB805E17E0D8E700AD0861 /* MultilineTextItem.m in Sources */,
				30082D1A17170EDD008B0DB5 /* REPlaceholderTextView.m in Sources */,
				30D208641718FFDE00144E46 /* REMultipleChoiceItem.m in Sources */,
				30E16A48171A103400F7C258 /* EditingViewController.m in Sources */,
				30D74554174EB4CA00D4C7C1 /* RETableViewOptionCell.m in Sources */,
				30B9914E18007045007C8913 /* REInlinePickerItem.m in Sources */,
				3008EB1C17ECEB8B005D36D9 /* NSString+RETableViewManagerAdditions.m in Sources */,
				30D9566C175E3C0200AB977E /* RetractableViewController.m in Sources */,
				30FE4147176A306600F317B8 /* StylingViewController.m in Sources */,
				303D966B17B7CCF800A418F3 /* XIBTestCell.m in Sources */,
				303D967217B7CDE300A418F3 /* XIBTestViewController.m in Sources */,
				30B9914B18007035007C8913 /* RETableViewInlinePickerCell.m in Sources */,
				30E5F50C17BBD163005CF1FE /* IndexedListViewController.m in Sources */,
				30BB805B17E0D8C300AD0861 /* XIBTestItem.m in Sources */,
				30B00D7A17C667A90010D439 /* ValidationsViewController.m in Sources */,
				30DBFA9117FC827D0099ACA5 /* REPickerItem.m in Sources */,
			);
			runOnlyForDeploymentPostprocessing = 0;
		};
/* End PBXSourcesBuildPhase section */

/* Begin PBXVariantGroup section */
		30EF93BB16E039B800B84981 /* InfoPlist.strings */ = {
			isa = PBXVariantGroup;
			children = (
				30EF93BC16E039B800B84981 /* en */,
			);
			name = InfoPlist.strings;
			sourceTree = "<group>";
		};
/* End PBXVariantGroup section */

/* Begin XCBuildConfiguration section */
		30EF93CA16E039B800B84981 /* Debug */ = {
			isa = XCBuildConfiguration;
			buildSettings = {
				ALWAYS_SEARCH_USER_PATHS = NO;
				CLANG_CXX_LANGUAGE_STANDARD = "gnu++0x";
				CLANG_CXX_LIBRARY = "libc++";
				CLANG_ENABLE_OBJC_ARC = YES;
				CLANG_WARN_CONSTANT_CONVERSION = YES;
				CLANG_WARN_EMPTY_BODY = YES;
				CLANG_WARN_ENUM_CONVERSION = YES;
				CLANG_WARN_INT_CONVERSION = YES;
				CLANG_WARN__DUPLICATE_METHOD_MATCH = YES;
				"CODE_SIGN_IDENTITY[sdk=iphoneos*]" = "iPhone Developer";
				COPY_PHASE_STRIP = NO;
				GCC_C_LANGUAGE_STANDARD = gnu99;
				GCC_DYNAMIC_NO_PIC = NO;
				GCC_OPTIMIZATION_LEVEL = 0;
				GCC_PREPROCESSOR_DEFINITIONS = (
					"DEBUG=1",
					"$(inherited)",
				);
				GCC_SYMBOLS_PRIVATE_EXTERN = NO;
				GCC_WARN_ABOUT_RETURN_TYPE = YES;
				GCC_WARN_UNINITIALIZED_AUTOS = YES;
				GCC_WARN_UNUSED_VARIABLE = YES;
				IPHONEOS_DEPLOYMENT_TARGET = 6.1;
				ONLY_ACTIVE_ARCH = YES;
				SDKROOT = iphoneos;
			};
			name = Debug;
		};
		30EF93CB16E039B800B84981 /* Release */ = {
			isa = XCBuildConfiguration;
			buildSettings = {
				ALWAYS_SEARCH_USER_PATHS = NO;
				CLANG_CXX_LANGUAGE_STANDARD = "gnu++0x";
				CLANG_CXX_LIBRARY = "libc++";
				CLANG_ENABLE_OBJC_ARC = YES;
				CLANG_WARN_CONSTANT_CONVERSION = YES;
				CLANG_WARN_EMPTY_BODY = YES;
				CLANG_WARN_ENUM_CONVERSION = YES;
				CLANG_WARN_INT_CONVERSION = YES;
				CLANG_WARN__DUPLICATE_METHOD_MATCH = YES;
				"CODE_SIGN_IDENTITY[sdk=iphoneos*]" = "iPhone Developer";
				COPY_PHASE_STRIP = YES;
				GCC_C_LANGUAGE_STANDARD = gnu99;
				GCC_WARN_ABOUT_RETURN_TYPE = YES;
				GCC_WARN_UNINITIALIZED_AUTOS = YES;
				GCC_WARN_UNUSED_VARIABLE = YES;
				IPHONEOS_DEPLOYMENT_TARGET = 6.1;
				OTHER_CFLAGS = "-DNS_BLOCK_ASSERTIONS=1";
				SDKROOT = iphoneos;
				VALIDATE_PRODUCT = YES;
			};
			name = Release;
		};
		30EF93CD16E039B800B84981 /* Debug */ = {
			isa = XCBuildConfiguration;
			baseConfigurationReference = E4370D63D1564228A75E7BD2 /* Pods.xcconfig */;
			buildSettings = {
				GCC_PRECOMPILE_PREFIX_HEADER = YES;
				GCC_PREFIX_HEADER = "RETableViewManagerExample/RETableViewManagerExample-Prefix.pch";
				GCC_WARN_UNUSED_FUNCTION = YES;
				INFOPLIST_FILE = "RETableViewManagerExample/RETableViewManagerExample-Info.plist";
				IPHONEOS_DEPLOYMENT_TARGET = 6.0;
				PRODUCT_NAME = "$(TARGET_NAME)";
				SDKROOT = iphoneos;
				TARGETED_DEVICE_FAMILY = "1,2";
				WRAPPER_EXTENSION = app;
			};
			name = Debug;
		};
		30EF93CE16E039B800B84981 /* Release */ = {
			isa = XCBuildConfiguration;
			baseConfigurationReference = E4370D63D1564228A75E7BD2 /* Pods.xcconfig */;
			buildSettings = {
				GCC_PRECOMPILE_PREFIX_HEADER = YES;
				GCC_PREFIX_HEADER = "RETableViewManagerExample/RETableViewManagerExample-Prefix.pch";
				GCC_WARN_UNUSED_FUNCTION = YES;
				INFOPLIST_FILE = "RETableViewManagerExample/RETableViewManagerExample-Info.plist";
				IPHONEOS_DEPLOYMENT_TARGET = 6.0;
				PRODUCT_NAME = "$(TARGET_NAME)";
				SDKROOT = iphoneos;
				TARGETED_DEVICE_FAMILY = "1,2";
				WRAPPER_EXTENSION = app;
			};
			name = Release;
		};
/* End XCBuildConfiguration section */

/* Begin XCConfigurationList section */
		30EF93AA16E039B800B84981 /* Build configuration list for PBXProject "RETableViewManagerExample" */ = {
			isa = XCConfigurationList;
			buildConfigurations = (
				30EF93CA16E039B800B84981 /* Debug */,
				30EF93CB16E039B800B84981 /* Release */,
			);
			defaultConfigurationIsVisible = 0;
			defaultConfigurationName = Release;
		};
		30EF93CC16E039B800B84981 /* Build configuration list for PBXNativeTarget "RETableViewManagerExample" */ = {
			isa = XCConfigurationList;
			buildConfigurations = (
				30EF93CD16E039B800B84981 /* Debug */,
				30EF93CE16E039B800B84981 /* Release */,
			);
			defaultConfigurationIsVisible = 0;
			defaultConfigurationName = Release;
		};
/* End XCConfigurationList section */
	};
	rootObject = 30EF93A716E039B800B84981 /* Project object */;
}
